// !$*UTF8*$!
{
	archiveVersion = 1;
	classes = {
	};
	objectVersion = 70;
	objects = {

/* Begin PBXBuildFile section */
		000000000000000000000400 /* VocabyApp.swift in Sources */ = {isa = PBXBuildFile; fileRef = 000000000000000000000300 /* VocabyApp.swift */; };
		000000000000000000000401 /* RootTabView.swift in Sources */ = {isa = PBXBuildFile; fileRef = 000000000000000000000301 /* RootTabView.swift */; };
		000000000000000000000402 /* TodayView.swift in Sources */ = {isa = PBXBuildFile; fileRef = 000000000000000000000302 /* TodayView.swift */; };
		000000000000000000000403 /* ReviewView.swift in Sources */ = {isa = PBXBuildFile; fileRef = 000000000000000000000303 /* ReviewView.swift */; };
		000000000000000000000404 /* LibraryView.swift in Sources */ = {isa = PBXBuildFile; fileRef = 000000000000000000000304 /* LibraryView.swift */; };
		000000000000000000000405 /* SettingsView.swift in Sources */ = {isa = PBXBuildFile; fileRef = 000000000000000000000305 /* SettingsView.swift */; };
		000000000000000000000406 /* Theme.swift in Sources */ = {isa = PBXBuildFile; fileRef = 000000000000000000000306 /* Theme.swift */; };
		000000000000000000000407 /* Assets.xcassets in Resources */ = {isa = PBXBuildFile; fileRef = 000000000000000000000307 /* Assets.xcassets */; };
		000000000000000000000408 /* Localizable.xcstrings in Resources */ = {isa = PBXBuildFile; fileRef = 000000000000000000000308 /* Localizable.xcstrings */; };
		000000000000000000000409 /* VocabularyModels.swift in Sources */ = {isa = PBXBuildFile; fileRef = 000000000000000000000309 /* VocabularyModels.swift */; };
		00000000000000000000040A /* PersistenceModels.swift in Sources */ = {isa = PBXBuildFile; fileRef = 00000000000000000000030A /* PersistenceModels.swift */; };
		00000000000000000000040B /* DayKeyService.swift in Sources */ = {isa = PBXBuildFile; fileRef = 00000000000000000000030B /* DayKeyService.swift */; };
		00000000000000000000040C /* SeedLoader.swift in Sources */ = {isa = PBXBuildFile; fileRef = 00000000000000000000030C /* SeedLoader.swift */; };
		00000000000000000000040D /* VocabularySeed.json in Resources */ = {isa = PBXBuildFile; fileRef = 00000000000000000000030D /* VocabularySeed.json */; };
		00000000000000000000040E /* ProgressPersistenceService.swift in Sources */ = {isa = PBXBuildFile; fileRef = 00000000000000000000030E /* ProgressPersistenceService.swift */; };
		00000000000000000000040F /* DailySelectionService.swift in Sources */ = {isa = PBXBuildFile; fileRef = 00000000000000000000030F /* DailySelectionService.swift */; };
		000000000000000000000410 /* ReviewScheduler.swift in Sources */ = {isa = PBXBuildFile; fileRef = 000000000000000000000310 /* ReviewScheduler.swift */; };
		000000000000000000000411 /* WidgetSnapshotWriter.swift in Sources */ = {isa = PBXBuildFile; fileRef = 000000000000000000000311 /* WidgetSnapshotWriter.swift */; };
		000000000000000000000412 /* NotificationScheduler.swift in Sources */ = {isa = PBXBuildFile; fileRef = 000000000000000000000312 /* NotificationScheduler.swift */; };
		000000000000000000000413 /* UserPreferencesStore.swift in Sources */ = {isa = PBXBuildFile; fileRef = 000000000000000000000313 /* UserPreferencesStore.swift */; };
		000000000000000000000414 /* RootView.swift in Sources */ = {isa = PBXBuildFile; fileRef = 000000000000000000000314 /* RootView.swift */; };
		000000000000000000000415 /* OnboardingView.swift in Sources */ = {isa = PBXBuildFile; fileRef = 000000000000000000000315 /* OnboardingView.swift */; };
		000000000000000000000416 /* ReviewQueueService.swift in Sources */ = {isa = PBXBuildFile; fileRef = 000000000000000000000316 /* ReviewQueueService.swift */; };
		000000000000000000000417 /* LibraryService.swift in Sources */ = {isa = PBXBuildFile; fileRef = 000000000000000000000317 /* LibraryService.swift */; };
		000000000000000000000418 /* QuizEngine.swift in Sources */ = {isa = PBXBuildFile; fileRef = 00000000000000000000031A /* QuizEngine.swift */; };
		000000000000000000000419 /* PracticeView.swift in Sources */ = {isa = PBXBuildFile; fileRef = 00000000000000000000031B /* PracticeView.swift */; };
		00000000000000000000041A /* ThirdPartyNotices.txt in Resources */ = {isa = PBXBuildFile; fileRef = 00000000000000000000031C /* ThirdPartyNotices.txt */; };
		00000000000000000000041B /* VocabularyEntryContentView.swift in Sources */ = {isa = PBXBuildFile; fileRef = 00000000000000000000031D /* VocabularyEntryContentView.swift */; };
		00000000000000000000041D /* LearningChrome.swift in Sources */ = {isa = PBXBuildFile; fileRef = 00000000000000000000031F /* LearningChrome.swift */; };
		000000000000000000000420 /* DayKeyServiceTests.swift in Sources */ = {isa = PBXBuildFile; fileRef = 000000000000000000000320 /* DayKeyServiceTests.swift */; };
		000000000000000000000421 /* VocabularySeedValidationTests.swift in Sources */ = {isa = PBXBuildFile; fileRef = 000000000000000000000321 /* VocabularySeedValidationTests.swift */; };
		000000000000000000000422 /* PersistenceGuardTests.swift in Sources */ = {isa = PBXBuildFile; fileRef = 000000000000000000000322 /* PersistenceGuardTests.swift */; };
		000000000000000000000423 /* DailySelectionServiceTests.swift in Sources */ = {isa = PBXBuildFile; fileRef = 000000000000000000000323 /* DailySelectionServiceTests.swift */; };
		000000000000000000000424 /* ReviewSchedulerTests.swift in Sources */ = {isa = PBXBuildFile; fileRef = 000000000000000000000324 /* ReviewSchedulerTests.swift */; };
		000000000000000000000425 /* WidgetSnapshotWriterTests.swift in Sources */ = {isa = PBXBuildFile; fileRef = 000000000000000000000325 /* WidgetSnapshotWriterTests.swift */; };
		000000000000000000000426 /* NotificationSchedulerTests.swift in Sources */ = {isa = PBXBuildFile; fileRef = 000000000000000000000326 /* NotificationSchedulerTests.swift */; };
		000000000000000000000427 /* UserPreferencesStoreTests.swift in Sources */ = {isa = PBXBuildFile; fileRef = 000000000000000000000327 /* UserPreferencesStoreTests.swift */; };
		000000000000000000000428 /* ReviewQueueServiceTests.swift in Sources */ = {isa = PBXBuildFile; fileRef = 000000000000000000000328 /* ReviewQueueServiceTests.swift */; };
		000000000000000000000429 /* LibraryServiceTests.swift in Sources */ = {isa = PBXBuildFile; fileRef = 000000000000000000000329 /* LibraryServiceTests.swift */; };
		00000000000000000000042A /* LocalizationCoverageTests.swift in Sources */ = {isa = PBXBuildFile; fileRef = 00000000000000000000032A /* LocalizationCoverageTests.swift */; };
		00000000000000000000042B /* QuizEngineTests.swift in Sources */ = {isa = PBXBuildFile; fileRef = 00000000000000000000032B /* QuizEngineTests.swift */; };
		000000000000000000000430 /* VocabyWidget.swift in Sources */ = {isa = PBXBuildFile; fileRef = 000000000000000000000330 /* VocabyWidget.swift */; };
		000000000000000000000431 /* WidgetSnapshotWriter.swift in Sources */ = {isa = PBXBuildFile; fileRef = 000000000000000000000311 /* WidgetSnapshotWriter.swift */; };
		000000000000000000000432 /* Localizable.xcstrings in Resources */ = {isa = PBXBuildFile; fileRef = 000000000000000000000308 /* Localizable.xcstrings */; };
		000000000000000000000433 /* VocabyWidget.appex in Embed App Extensions */ = {isa = PBXBuildFile; fileRef = 000000000000000000000112 /* VocabyWidget.appex */; settings = {ATTRIBUTES = (RemoveHeadersOnCopy, ); }; };
		200000000000000000000401 /* LearnView.swift in Sources */ = {isa = PBXBuildFile; fileRef = 200000000000000000000301 /* LearnView.swift */; };
		200000000000000000000402 /* LearningProgressView.swift in Sources */ = {isa = PBXBuildFile; fileRef = 200000000000000000000302 /* LearningProgressView.swift */; };
		200000000000000000000403 /* SM2.swift in Sources */ = {isa = PBXBuildFile; fileRef = 200000000000000000000303 /* SM2.swift */; };
		200000000000000000000404 /* SM2Tests.swift in Sources */ = {isa = PBXBuildFile; fileRef = 200000000000000000000304 /* SM2Tests.swift */; };
		200000000000000000000408 /* AchievementEngine.swift in Sources */ = {isa = PBXBuildFile; fileRef = 200000000000000000000305 /* AchievementEngine.swift */; };
		20000000000000000000040A /* AchievementEngineTests.swift in Sources */ = {isa = PBXBuildFile; fileRef = 200000000000000000000306 /* AchievementEngineTests.swift */; };
		25A848E03FC77506D28CEF00 /* AppClock.swift in Sources */ = {isa = PBXBuildFile; fileRef = FF41024F8025D2704E6363E5 /* AppClock.swift */; };
		26CA39D57512168D55286230 /* AnswerRecorderTests.swift in Sources */ = {isa = PBXBuildFile; fileRef = AC511EA46C3E9CF607781A16 /* AnswerRecorderTests.swift */; };
		3A180E93B12E084A67CE9BA8 /* AnswerRecorder.swift in Sources */ = {isa = PBXBuildFile; fileRef = 014DA1718296DE6AE81B7317 /* AnswerRecorder.swift */; };
		3B2CDB3C64D49DD9AD6832A9 /* DailyPlanner.swift in Sources */ = {isa = PBXBuildFile; fileRef = BD3D2862E6057A6E8EEAF47F /* DailyPlanner.swift */; };
		4BD613FBD7869D49545D7123 /* SeededRandomNumberGenerator.swift in Sources */ = {isa = PBXBuildFile; fileRef = 2C8014ABA55639E630492BA9 /* SeededRandomNumberGenerator.swift */; };
		5348B8011A11095BDDBD2CE8 /* AppClockTests.swift in Sources */ = {isa = PBXBuildFile; fileRef = FD481C97A3CA832CEF2BA9E6 /* AppClockTests.swift */; };
		5CE30C1E16F5ECDE8386249E /* TodayProgressTests.swift in Sources */ = {isa = PBXBuildFile; fileRef = 3E6AE83EE4BB91CCCE397E54 /* TodayProgressTests.swift */; };
		5D7A57722D6CB8BEDB34E95E /* SeededRandomNumberGeneratorTests.swift in Sources */ = {isa = PBXBuildFile; fileRef = 108DD140C393311A297C7B3A /* SeededRandomNumberGeneratorTests.swift */; };
		66D0BA59DD8A0E5F5B013576 /* TodayProgress.swift in Sources */ = {isa = PBXBuildFile; fileRef = CCEE14E0E1343166FD126733 /* TodayProgress.swift */; };
		76ADF0161D79D56ED017734A /* DailySessionServiceTests.swift in Sources */ = {isa = PBXBuildFile; fileRef = 0790FCF4917E957827ABC3D6 /* DailySessionServiceTests.swift */; };
		7F0F534E5CB5530866E5F772 /* SeedCatalogTests.swift in Sources */ = {isa = PBXBuildFile; fileRef = 6A0028B322B578CFA61319CF /* SeedCatalogTests.swift */; };
		864CB46E89D08905E61A38BE /* SeedCatalog.swift in Sources */ = {isa = PBXBuildFile; fileRef = 7267295262458DEFD361F74F /* SeedCatalog.swift */; };
		8DCB911E3CD6E32A1336723E /* AppLanguage.swift in Sources */ = {isa = PBXBuildFile; fileRef = AF01F3B5E93A8C20F643B8C5 /* AppLanguage.swift */; };
		B0E6C964CAE4092D05187BF9 /* DailySessionService.swift in Sources */ = {isa = PBXBuildFile; fileRef = 77DE4506E9EF833F22308A21 /* DailySessionService.swift */; };
		CD55F7838355B445F2414882 /* AppearanceScreenshotTests.swift in Sources */ = {isa = PBXBuildFile; fileRef = F4487D8507AB04294657BE21 /* AppearanceScreenshotTests.swift */; };
		FE583A49171E432A103EED4C /* DailyPlannerTests.swift in Sources */ = {isa = PBXBuildFile; fileRef = E10FB948D56C44774D903105 /* DailyPlannerTests.swift */; };
/* End PBXBuildFile section */

/* Begin PBXContainerItemProxy section */
		000000000000000000000230 /* PBXContainerItemProxy */ = {
			isa = PBXContainerItemProxy;
			containerPortal = 000000000000000000000001 /* Project object */;
			proxyType = 1;
			remoteGlobalIDString = 000000000000000000000100;
			remoteInfo = Vocaby;
		};
		000000000000000000000240 /* PBXContainerItemProxy */ = {
			isa = PBXContainerItemProxy;
			containerPortal = 000000000000000000000001 /* Project object */;
			proxyType = 1;
			remoteGlobalIDString = 000000000000000000000102;
			remoteInfo = VocabyWidget;
		};
		1C51FBED101D9B6E9A82984A /* PBXContainerItemProxy */ = {
			isa = PBXContainerItemProxy;
			containerPortal = 000000000000000000000001 /* Project object */;
			proxyType = 1;
			remoteGlobalIDString = 000000000000000000000100;
			remoteInfo = Vocaby;
		};
/* End PBXContainerItemProxy section */

/* Begin PBXCopyFilesBuildPhase section */
		000000000000000000000123 /* Embed App Extensions */ = {
			isa = PBXCopyFilesBuildPhase;
			buildActionMask = 2147483647;
			dstPath = "";
			dstSubfolderSpec = 13;
			files = (
				000000000000000000000433 /* VocabyWidget.appex in Embed App Extensions */,
			);
			name = "Embed App Extensions";
			runOnlyForDeploymentPostprocessing = 0;
		};
/* End PBXCopyFilesBuildPhase section */

/* Begin PBXFileReference section */
		000000000000000000000110 /* Vocaby.app */ = {isa = PBXFileReference; explicitFileType = wrapper.application; includeInIndex = 0; path = Vocaby.app; sourceTree = BUILT_PRODUCTS_DIR; };
		000000000000000000000111 /* VocabyTests.xctest */ = {isa = PBXFileReference; explicitFileType = wrapper.cfbundle; includeInIndex = 0; path = VocabyTests.xctest; sourceTree = BUILT_PRODUCTS_DIR; };
		000000000000000000000112 /* VocabyWidget.appex */ = {isa = PBXFileReference; explicitFileType = "wrapper.app-extension"; includeInIndex = 0; path = VocabyWidget.appex; sourceTree = BUILT_PRODUCTS_DIR; };
		000000000000000000000300 /* VocabyApp.swift */ = {isa = PBXFileReference; lastKnownFileType = sourcecode.swift; path = VocabyApp.swift; sourceTree = "<group>"; };
		000000000000000000000301 /* RootTabView.swift */ = {isa = PBXFileReference; lastKnownFileType = sourcecode.swift; path = RootTabView.swift; sourceTree = "<group>"; };
		000000000000000000000302 /* TodayView.swift */ = {isa = PBXFileReference; lastKnownFileType = sourcecode.swift; path = TodayView.swift; sourceTree = "<group>"; };
		000000000000000000000303 /* ReviewView.swift */ = {isa = PBXFileReference; lastKnownFileType = sourcecode.swift; path = ReviewView.swift; sourceTree = "<group>"; };
		000000000000000000000304 /* LibraryView.swift */ = {isa = PBXFileReference; lastKnownFileType = sourcecode.swift; path = LibraryView.swift; sourceTree = "<group>"; };
		000000000000000000000305 /* SettingsView.swift */ = {isa = PBXFileReference; lastKnownFileType = sourcecode.swift; path = SettingsView.swift; sourceTree = "<group>"; };
		000000000000000000000306 /* Theme.swift */ = {isa = PBXFileReference; lastKnownFileType = sourcecode.swift; path = Theme.swift; sourceTree = "<group>"; };
		000000000000000000000307 /* Assets.xcassets */ = {isa = PBXFileReference; lastKnownFileType = folder.assetcatalog; path = Assets.xcassets; sourceTree = "<group>"; };
		000000000000000000000308 /* Localizable.xcstrings */ = {isa = PBXFileReference; lastKnownFileType = text.json.xcstrings; path = Localizable.xcstrings; sourceTree = "<group>"; };
		000000000000000000000309 /* VocabularyModels.swift */ = {isa = PBXFileReference; lastKnownFileType = sourcecode.swift; path = VocabularyModels.swift; sourceTree = "<group>"; };
		00000000000000000000030A /* PersistenceModels.swift */ = {isa = PBXFileReference; lastKnownFileType = sourcecode.swift; path = PersistenceModels.swift; sourceTree = "<group>"; };
		00000000000000000000030B /* DayKeyService.swift */ = {isa = PBXFileReference; lastKnownFileType = sourcecode.swift; path = DayKeyService.swift; sourceTree = "<group>"; };
		00000000000000000000030C /* SeedLoader.swift */ = {isa = PBXFileReference; lastKnownFileType = sourcecode.swift; path = SeedLoader.swift; sourceTree = "<group>"; };
		00000000000000000000030D /* VocabularySeed.json */ = {isa = PBXFileReference; lastKnownFileType = text.json; path = VocabularySeed.json; sourceTree = "<group>"; };
		00000000000000000000030E /* ProgressPersistenceService.swift */ = {isa = PBXFileReference; lastKnownFileType = sourcecode.swift; path = ProgressPersistenceService.swift; sourceTree = "<group>"; };
		00000000000000000000030F /* DailySelectionService.swift */ = {isa = PBXFileReference; lastKnownFileType = sourcecode.swift; path = DailySelectionService.swift; sourceTree = "<group>"; };
		000000000000000000000310 /* ReviewScheduler.swift */ = {isa = PBXFileReference; lastKnownFileType = sourcecode.swift; path = ReviewScheduler.swift; sourceTree = "<group>"; };
		000000000000000000000311 /* WidgetSnapshotWriter.swift */ = {isa = PBXFileReference; lastKnownFileType = sourcecode.swift; path = WidgetSnapshotWriter.swift; sourceTree = "<group>"; };
		000000000000000000000312 /* NotificationScheduler.swift */ = {isa = PBXFileReference; lastKnownFileType = sourcecode.swift; path = NotificationScheduler.swift; sourceTree = "<group>"; };
		000000000000000000000313 /* UserPreferencesStore.swift */ = {isa = PBXFileReference; lastKnownFileType = sourcecode.swift; path = UserPreferencesStore.swift; sourceTree = "<group>"; };
		000000000000000000000314 /* RootView.swift */ = {isa = PBXFileReference; lastKnownFileType = sourcecode.swift; path = RootView.swift; sourceTree = "<group>"; };
		000000000000000000000315 /* OnboardingView.swift */ = {isa = PBXFileReference; lastKnownFileType = sourcecode.swift; path = OnboardingView.swift; sourceTree = "<group>"; };
		000000000000000000000316 /* ReviewQueueService.swift */ = {isa = PBXFileReference; lastKnownFileType = sourcecode.swift; path = ReviewQueueService.swift; sourceTree = "<group>"; };
		000000000000000000000317 /* LibraryService.swift */ = {isa = PBXFileReference; lastKnownFileType = sourcecode.swift; path = LibraryService.swift; sourceTree = "<group>"; };
		000000000000000000000318 /* Vocaby.entitlements */ = {isa = PBXFileReference; lastKnownFileType = text.plist.entitlements; path = Vocaby.entitlements; sourceTree = "<group>"; };
		000000000000000000000319 /* Info.plist */ = {isa = PBXFileReference; lastKnownFileType = text.plist.xml; path = Info.plist; sourceTree = "<group>"; };
		00000000000000000000031A /* QuizEngine.swift */ = {isa = PBXFileReference; lastKnownFileType = sourcecode.swift; path = QuizEngine.swift; sourceTree = "<group>"; };
		00000000000000000000031B /* PracticeView.swift */ = {isa = PBXFileReference; lastKnownFileType = sourcecode.swift; path = PracticeView.swift; sourceTree = "<group>"; };
		00000000000000000000031C /* ThirdPartyNotices.txt */ = {isa = PBXFileReference; lastKnownFileType = text; path = ThirdPartyNotices.txt; sourceTree = "<group>"; };
		00000000000000000000031D /* VocabularyEntryContentView.swift */ = {isa = PBXFileReference; lastKnownFileType = sourcecode.swift; path = VocabularyEntryContentView.swift; sourceTree = "<group>"; };
		00000000000000000000031F /* LearningChrome.swift */ = {isa = PBXFileReference; lastKnownFileType = sourcecode.swift; path = LearningChrome.swift; sourceTree = "<group>"; };
		000000000000000000000320 /* DayKeyServiceTests.swift */ = {isa = PBXFileReference; lastKnownFileType = sourcecode.swift; path = DayKeyServiceTests.swift; sourceTree = "<group>"; };
		000000000000000000000321 /* VocabularySeedValidationTests.swift */ = {isa = PBXFileReference; lastKnownFileType = sourcecode.swift; path = VocabularySeedValidationTests.swift; sourceTree = "<group>"; };
		000000000000000000000322 /* PersistenceGuardTests.swift */ = {isa = PBXFileReference; lastKnownFileType = sourcecode.swift; path = PersistenceGuardTests.swift; sourceTree = "<group>"; };
		000000000000000000000323 /* DailySelectionServiceTests.swift */ = {isa = PBXFileReference; lastKnownFileType = sourcecode.swift; path = DailySelectionServiceTests.swift; sourceTree = "<group>"; };
		000000000000000000000324 /* ReviewSchedulerTests.swift */ = {isa = PBXFileReference; lastKnownFileType = sourcecode.swift; path = ReviewSchedulerTests.swift; sourceTree = "<group>"; };
		000000000000000000000325 /* WidgetSnapshotWriterTests.swift */ = {isa = PBXFileReference; lastKnownFileType = sourcecode.swift; path = WidgetSnapshotWriterTests.swift; sourceTree = "<group>"; };
		000000000000000000000326 /* NotificationSchedulerTests.swift */ = {isa = PBXFileReference; lastKnownFileType = sourcecode.swift; path = NotificationSchedulerTests.swift; sourceTree = "<group>"; };
		000000000000000000000327 /* UserPreferencesStoreTests.swift */ = {isa = PBXFileReference; lastKnownFileType = sourcecode.swift; path = UserPreferencesStoreTests.swift; sourceTree = "<group>"; };
		000000000000000000000328 /* ReviewQueueServiceTests.swift */ = {isa = PBXFileReference; lastKnownFileType = sourcecode.swift; path = ReviewQueueServiceTests.swift; sourceTree = "<group>"; };
		000000000000000000000329 /* LibraryServiceTests.swift */ = {isa = PBXFileReference; lastKnownFileType = sourcecode.swift; path = LibraryServiceTests.swift; sourceTree = "<group>"; };
		00000000000000000000032A /* LocalizationCoverageTests.swift */ = {isa = PBXFileReference; lastKnownFileType = sourcecode.swift; path = LocalizationCoverageTests.swift; sourceTree = "<group>"; };
		00000000000000000000032B /* QuizEngineTests.swift */ = {isa = PBXFileReference; lastKnownFileType = sourcecode.swift; path = QuizEngineTests.swift; sourceTree = "<group>"; };
		000000000000000000000330 /* VocabyWidget.swift */ = {isa = PBXFileReference; lastKnownFileType = sourcecode.swift; path = VocabyWidget.swift; sourceTree = "<group>"; };
		000000000000000000000331 /* VocabyWidget.entitlements */ = {isa = PBXFileReference; lastKnownFileType = text.plist.entitlements; path = VocabyWidget.entitlements; sourceTree = "<group>"; };
		000000000000000000000332 /* Info.plist */ = {isa = PBXFileReference; lastKnownFileType = text.plist.xml; path = Info.plist; sourceTree = "<group>"; };
		014DA1718296DE6AE81B7317 /* AnswerRecorder.swift */ = {isa = PBXFileReference; includeInIndex = 1; lastKnownFileType = sourcecode.swift; path = AnswerRecorder.swift; sourceTree = "<group>"; };
		0790FCF4917E957827ABC3D6 /* DailySessionServiceTests.swift */ = {isa = PBXFileReference; includeInIndex = 1; lastKnownFileType = sourcecode.swift; path = DailySessionServiceTests.swift; sourceTree = "<group>"; };
		108DD140C393311A297C7B3A /* SeededRandomNumberGeneratorTests.swift */ = {isa = PBXFileReference; includeInIndex = 1; lastKnownFileType = sourcecode.swift; path = SeededRandomNumberGeneratorTests.swift; sourceTree = "<group>"; };
		200000000000000000000301 /* LearnView.swift */ = {isa = PBXFileReference; lastKnownFileType = sourcecode.swift; path = LearnView.swift; sourceTree = "<group>"; };
		200000000000000000000302 /* LearningProgressView.swift */ = {isa = PBXFileReference; lastKnownFileType = sourcecode.swift; path = LearningProgressView.swift; sourceTree = "<group>"; };
		200000000000000000000303 /* SM2.swift */ = {isa = PBXFileReference; lastKnownFileType = sourcecode.swift; path = SM2.swift; sourceTree = "<group>"; };
		200000000000000000000304 /* SM2Tests.swift */ = {isa = PBXFileReference; lastKnownFileType = sourcecode.swift; path = SM2Tests.swift; sourceTree = "<group>"; };
		200000000000000000000305 /* AchievementEngine.swift */ = {isa = PBXFileReference; lastKnownFileType = sourcecode.swift; path = AchievementEngine.swift; sourceTree = "<group>"; };
		200000000000000000000306 /* AchievementEngineTests.swift */ = {isa = PBXFileReference; lastKnownFileType = sourcecode.swift; path = AchievementEngineTests.swift; sourceTree = "<group>"; };
		2C8014ABA55639E630492BA9 /* SeededRandomNumberGenerator.swift */ = {isa = PBXFileReference; includeInIndex = 1; lastKnownFileType = sourcecode.swift; path = SeededRandomNumberGenerator.swift; sourceTree = "<group>"; };
		3E6AE83EE4BB91CCCE397E54 /* TodayProgressTests.swift */ = {isa = PBXFileReference; includeInIndex = 1; lastKnownFileType = sourcecode.swift; path = TodayProgressTests.swift; sourceTree = "<group>"; };
		6A0028B322B578CFA61319CF /* SeedCatalogTests.swift */ = {isa = PBXFileReference; includeInIndex = 1; lastKnownFileType = sourcecode.swift; path = SeedCatalogTests.swift; sourceTree = "<group>"; };
		7267295262458DEFD361F74F /* SeedCatalog.swift */ = {isa = PBXFileReference; includeInIndex = 1; lastKnownFileType = sourcecode.swift; path = SeedCatalog.swift; sourceTree = "<group>"; };
		77DE4506E9EF833F22308A21 /* DailySessionService.swift */ = {isa = PBXFileReference; includeInIndex = 1; lastKnownFileType = sourcecode.swift; path = DailySessionService.swift; sourceTree = "<group>"; };
		96D6963B45F9B526D5E6E835 /* VocabyUITests.xctest */ = {isa = PBXFileReference; explicitFileType = wrapper.cfbundle; includeInIndex = 0; path = VocabyUITests.xctest; sourceTree = BUILT_PRODUCTS_DIR; };
		AC511EA46C3E9CF607781A16 /* AnswerRecorderTests.swift */ = {isa = PBXFileReference; includeInIndex = 1; lastKnownFileType = sourcecode.swift; path = AnswerRecorderTests.swift; sourceTree = "<group>"; };
		AF01F3B5E93A8C20F643B8C5 /* AppLanguage.swift */ = {isa = PBXFileReference; includeInIndex = 1; lastKnownFileType = sourcecode.swift; path = AppLanguage.swift; sourceTree = "<group>"; };
		BD3D2862E6057A6E8EEAF47F /* DailyPlanner.swift */ = {isa = PBXFileReference; includeInIndex = 1; lastKnownFileType = sourcecode.swift; path = DailyPlanner.swift; sourceTree = "<group>"; };
		CCEE14E0E1343166FD126733 /* TodayProgress.swift */ = {isa = PBXFileReference; includeInIndex = 1; lastKnownFileType = sourcecode.swift; path = TodayProgress.swift; sourceTree = "<group>"; };
		E10FB948D56C44774D903105 /* DailyPlannerTests.swift */ = {isa = PBXFileReference; includeInIndex = 1; lastKnownFileType = sourcecode.swift; path = DailyPlannerTests.swift; sourceTree = "<group>"; };
		F4487D8507AB04294657BE21 /* AppearanceScreenshotTests.swift */ = {isa = PBXFileReference; includeInIndex = 1; lastKnownFileType = sourcecode.swift; path = AppearanceScreenshotTests.swift; sourceTree = "<group>"; };
		FD481C97A3CA832CEF2BA9E6 /* AppClockTests.swift */ = {isa = PBXFileReference; includeInIndex = 1; lastKnownFileType = sourcecode.swift; path = AppClockTests.swift; sourceTree = "<group>"; };
		FF41024F8025D2704E6363E5 /* AppClock.swift */ = {isa = PBXFileReference; includeInIndex = 1; lastKnownFileType = sourcecode.swift; path = AppClock.swift; sourceTree = "<group>"; };
/* End PBXFileReference section */

/* Begin PBXFrameworksBuildPhase section */
		000000000000000000000122 /* Frameworks */ = {
			isa = PBXFrameworksBuildPhase;
			buildActionMask = 2147483647;
			files = (
			);
			runOnlyForDeploymentPostprocessing = 0;
		};
		000000000000000000000132 /* Frameworks */ = {
			isa = PBXFrameworksBuildPhase;
			buildActionMask = 2147483647;
			files = (
			);
			runOnlyForDeploymentPostprocessing = 0;
		};
		000000000000000000000142 /* Frameworks */ = {
			isa = PBXFrameworksBuildPhase;
			buildActionMask = 2147483647;
			files = (
			);
			runOnlyForDeploymentPostprocessing = 0;
		};
		ECCE72FB8351B00AB9794ECE /* Frameworks */ = {
			isa = PBXFrameworksBuildPhase;
			buildActionMask = 2147483647;
			files = (
			);
			runOnlyForDeploymentPostprocessing = 0;
		};
/* End PBXFrameworksBuildPhase section */

/* Begin PBXGroup section */
		000000000000000000000002 = {
			isa = PBXGroup;
			children = (
				000000000000000000000004 /* Vocaby */,
				000000000000000000000060 /* VocabyTests */,
				000000000000000000000061 /* VocabyWidget */,
				000000000000000000000003 /* Products */,
				86BF37F21BA393139CF78400 /* Frameworks */,
				148291B67764671141861E62 /* VocabyUITests */,
			);
			sourceTree = "<group>";
		};
		000000000000000000000003 /* Products */ = {
			isa = PBXGroup;
			children = (
				000000000000000000000110 /* Vocaby.app */,
				000000000000000000000111 /* VocabyTests.xctest */,
				000000000000000000000112 /* VocabyWidget.appex */,
				96D6963B45F9B526D5E6E835 /* VocabyUITests.xctest */,
			);
			name = Products;
			sourceTree = "<group>";
		};
		000000000000000000000004 /* Vocaby */ = {
			isa = PBXGroup;
			children = (
				000000000000000000000005 /* App */,
				000000000000000000000050 /* Features */,
				000000000000000000000058 /* Models */,
				000000000000000000000059 /* Services */,
				000000000000000000000056 /* Design */,
				000000000000000000000057 /* Resources */,
				000000000000000000000307 /* Assets.xcassets */,
				000000000000000000000319 /* Info.plist */,
				000000000000000000000318 /* Vocaby.entitlements */,
			);
			path = Vocaby;
			sourceTree = "<group>";
		};
		000000000000000000000005 /* App */ = {
			isa = PBXGroup;
			children = (
				000000000000000000000300 /* VocabyApp.swift */,
			);
			path = App;
			sourceTree = "<group>";
		};
		000000000000000000000050 /* Features */ = {
			isa = PBXGroup;
			children = (
				00000000000000000000005C /* Shared */,
				000000000000000000000051 /* Root */,
				00000000000000000000005A /* Onboarding */,
				000000000000000000000052 /* Today */,
				00000000000000000000005B /* Practice */,
				000000000000000000000053 /* Review */,
				000000000000000000000054 /* Library */,
				000000000000000000000055 /* Settings */,
				200000000000000000000051 /* Learn */,
				200000000000000000000052 /* Progress */,
			);
			path = Features;
			sourceTree = "<group>";
		};
		000000000000000000000051 /* Root */ = {
			isa = PBXGroup;
			children = (
				000000000000000000000301 /* RootTabView.swift */,
				000000000000000000000314 /* RootView.swift */,
			);
			path = Root;
			sourceTree = "<group>";
		};
		000000000000000000000052 /* Today */ = {
			isa = PBXGroup;
			children = (
				000000000000000000000302 /* TodayView.swift */,
			);
			path = Today;
			sourceTree = "<group>";
		};
		000000000000000000000053 /* Review */ = {
			isa = PBXGroup;
			children = (
				000000000000000000000303 /* ReviewView.swift */,
			);
			path = Review;
			sourceTree = "<group>";
		};
		000000000000000000000054 /* Library */ = {
			isa = PBXGroup;
			children = (
				000000000000000000000304 /* LibraryView.swift */,
			);
			path = Library;
			sourceTree = "<group>";
		};
		000000000000000000000055 /* Settings */ = {
			isa = PBXGroup;
			children = (
				000000000000000000000305 /* SettingsView.swift */,
			);
			path = Settings;
			sourceTree = "<group>";
		};
		000000000000000000000056 /* Design */ = {
			isa = PBXGroup;
			children = (
				000000000000000000000306 /* Theme.swift */,
			);
			path = Design;
			sourceTree = "<group>";
		};
		000000000000000000000057 /* Resources */ = {
			isa = PBXGroup;
			children = (
				000000000000000000000308 /* Localizable.xcstrings */,
				00000000000000000000030D /* VocabularySeed.json */,
				00000000000000000000031C /* ThirdPartyNotices.txt */,
			);
			path = Resources;
			sourceTree = "<group>";
		};
		000000000000000000000058 /* Models */ = {
			isa = PBXGroup;
			children = (
				000000000000000000000309 /* VocabularyModels.swift */,
				00000000000000000000030A /* PersistenceModels.swift */,
			);
			path = Models;
			sourceTree = "<group>";
		};
		000000000000000000000059 /* Services */ = {
			isa = PBXGroup;
			children = (
				00000000000000000000030B /* DayKeyService.swift */,
				00000000000000000000030C /* SeedLoader.swift */,
				00000000000000000000030E /* ProgressPersistenceService.swift */,
				00000000000000000000030F /* DailySelectionService.swift */,
				000000000000000000000310 /* ReviewScheduler.swift */,
				000000000000000000000316 /* ReviewQueueService.swift */,
				000000000000000000000317 /* LibraryService.swift */,
				00000000000000000000031A /* QuizEngine.swift */,
				000000000000000000000311 /* WidgetSnapshotWriter.swift */,
				000000000000000000000312 /* NotificationScheduler.swift */,
				000000000000000000000313 /* UserPreferencesStore.swift */,
				200000000000000000000303 /* SM2.swift */,
				200000000000000000000305 /* AchievementEngine.swift */,
				FF41024F8025D2704E6363E5 /* AppClock.swift */,
				014DA1718296DE6AE81B7317 /* AnswerRecorder.swift */,
				BD3D2862E6057A6E8EEAF47F /* DailyPlanner.swift */,
				AF01F3B5E93A8C20F643B8C5 /* AppLanguage.swift */,
				7267295262458DEFD361F74F /* SeedCatalog.swift */,
				CCEE14E0E1343166FD126733 /* TodayProgress.swift */,
				77DE4506E9EF833F22308A21 /* DailySessionService.swift */,
				2C8014ABA55639E630492BA9 /* SeededRandomNumberGenerator.swift */,
			);
			path = Services;
			sourceTree = "<group>";
		};
		00000000000000000000005A /* Onboarding */ = {
			isa = PBXGroup;
			children = (
				000000000000000000000315 /* OnboardingView.swift */,
			);
			path = Onboarding;
			sourceTree = "<group>";
		};
		00000000000000000000005B /* Practice */ = {
			isa = PBXGroup;
			children = (
				00000000000000000000031B /* PracticeView.swift */,
			);
			path = Practice;
			sourceTree = "<group>";
		};
		00000000000000000000005C /* Shared */ = {
			isa = PBXGroup;
			children = (
				00000000000000000000031F /* LearningChrome.swift */,
				00000000000000000000031D /* VocabularyEntryContentView.swift */,
			);
			path = Shared;
			sourceTree = "<group>";
		};
		000000000000000000000060 /* VocabyTests */ = {
			isa = PBXGroup;
			children = (
				000000000000000000000320 /* DayKeyServiceTests.swift */,
				000000000000000000000321 /* VocabularySeedValidationTests.swift */,
				000000000000000000000322 /* PersistenceGuardTests.swift */,
				000000000000000000000323 /* DailySelectionServiceTests.swift */,
				000000000000000000000324 /* ReviewSchedulerTests.swift */,
				000000000000000000000325 /* WidgetSnapshotWriterTests.swift */,
				000000000000000000000326 /* NotificationSchedulerTests.swift */,
				000000000000000000000327 /* UserPreferencesStoreTests.swift */,
				000000000000000000000328 /* ReviewQueueServiceTests.swift */,
				000000000000000000000329 /* LibraryServiceTests.swift */,
				00000000000000000000032A /* LocalizationCoverageTests.swift */,
				00000000000000000000032B /* QuizEngineTests.swift */,
				200000000000000000000304 /* SM2Tests.swift */,
				200000000000000000000306 /* AchievementEngineTests.swift */,
				FD481C97A3CA832CEF2BA9E6 /* AppClockTests.swift */,
				AC511EA46C3E9CF607781A16 /* AnswerRecorderTests.swift */,
				E10FB948D56C44774D903105 /* DailyPlannerTests.swift */,
				6A0028B322B578CFA61319CF /* SeedCatalogTests.swift */,
				3E6AE83EE4BB91CCCE397E54 /* TodayProgressTests.swift */,
				0790FCF4917E957827ABC3D6 /* DailySessionServiceTests.swift */,
				108DD140C393311A297C7B3A /* SeededRandomNumberGeneratorTests.swift */,
			);
			path = VocabyTests;
			sourceTree = "<group>";
		};
		000000000000000000000061 /* VocabyWidget */ = {
			isa = PBXGroup;
			children = (
				000000000000000000000330 /* VocabyWidget.swift */,
				000000000000000000000332 /* Info.plist */,
				000000000000000000000331 /* VocabyWidget.entitlements */,
			);
			path = VocabyWidget;
			sourceTree = "<group>";
		};
		148291B67764671141861E62 /* VocabyUITests */ = {
			isa = PBXGroup;
			children = (
				F4487D8507AB04294657BE21 /* AppearanceScreenshotTests.swift */,
			);
			name = VocabyUITests;
			path = VocabyUITests;
			sourceTree = "<group>";
		};
		200000000000000000000051 /* Learn */ = {
			isa = PBXGroup;
			children = (
				200000000000000000000301 /* LearnView.swift */,
			);
			path = Learn;
			sourceTree = "<group>";
		};
		200000000000000000000052 /* Progress */ = {
			isa = PBXGroup;
			children = (
				200000000000000000000302 /* LearningProgressView.swift */,
			);
			path = Progress;
			sourceTree = "<group>";
		};
		80F008B010B842549A4FBD67 /* iOS */ = {
			isa = PBXGroup;
			children = (
			);
			name = iOS;
			sourceTree = "<group>";
		};
		86BF37F21BA393139CF78400 /* Frameworks */ = {
			isa = PBXGroup;
			children = (
				80F008B010B842549A4FBD67 /* iOS */,
			);
			name = Frameworks;
			sourceTree = "<group>";
		};
/* End PBXGroup section */

/* Begin PBXNativeTarget section */
		000000000000000000000100 /* Vocaby */ = {
			isa = PBXNativeTarget;
			buildConfigurationList = 000000000000000000000212 /* Build configuration list for PBXNativeTarget "Vocaby" */;
			buildPhases = (
				000000000000000000000120 /* Sources */,
				000000000000000000000122 /* Frameworks */,
				000000000000000000000121 /* Resources */,
				000000000000000000000123 /* Embed App Extensions */,
			);
			buildRules = (
			);
			dependencies = (
				000000000000000000000241 /* PBXTargetDependency */,
			);
			name = Vocaby;
			productName = Vocaby;
			productReference = 000000000000000000000110 /* Vocaby.app */;
			productType = "com.apple.product-type.application";
		};
		000000000000000000000101 /* VocabyTests */ = {
			isa = PBXNativeTarget;
			buildConfigurationList = 000000000000000000000222 /* Build configuration list for PBXNativeTarget "VocabyTests" */;
			buildPhases = (
				000000000000000000000130 /* Sources */,
				000000000000000000000132 /* Frameworks */,
				000000000000000000000131 /* Resources */,
			);
			buildRules = (
			);
			dependencies = (
				000000000000000000000231 /* PBXTargetDependency */,
			);
			name = VocabyTests;
			productName = VocabyTests;
			productReference = 000000000000000000000111 /* VocabyTests.xctest */;
			productType = "com.apple.product-type.bundle.unit-test";
		};
		000000000000000000000102 /* VocabyWidget */ = {
			isa = PBXNativeTarget;
			buildConfigurationList = 000000000000000000000252 /* Build configuration list for PBXNativeTarget "VocabyWidget" */;
			buildPhases = (
				000000000000000000000140 /* Sources */,
				000000000000000000000142 /* Frameworks */,
				000000000000000000000141 /* Resources */,
			);
			buildRules = (
			);
			dependencies = (
			);
			name = VocabyWidget;
			productName = VocabyWidget;
			productReference = 000000000000000000000112 /* VocabyWidget.appex */;
			productType = "com.apple.product-type.app-extension";
		};
		DB52F7F99ADDC4CF4C722EB2 /* VocabyUITests */ = {
			isa = PBXNativeTarget;
			buildConfigurationList = 4D37B54749B9256D9A9A750C /* Build configuration list for PBXNativeTarget "VocabyUITests" */;
			buildPhases = (
				E2E30233B6BB04A967B1172C /* Sources */,
				ECCE72FB8351B00AB9794ECE /* Frameworks */,
				3717A0D5CCE8FC8598EB4684 /* Resources */,
			);
			buildRules = (
			);
			dependencies = (
				FC37A021D38B9D86A63AEFF6 /* PBXTargetDependency */,
			);
			name = VocabyUITests;
			productName = VocabyUITests;
			productReference = 96D6963B45F9B526D5E6E835 /* VocabyUITests.xctest */;
			productType = "com.apple.product-type.bundle.ui-testing";
		};
/* End PBXNativeTarget section */

/* Begin PBXProject section */
		000000000000000000000001 /* Project object */ = {
			isa = PBXProject;
			attributes = {
				BuildIndependentTargetsInParallel = 1;
				LastSwiftUpdateCheck = 2660;
				LastUpgradeCheck = 2660;
				TargetAttributes = {
					000000000000000000000100 = {
						CreatedOnToolsVersion = 26.6;
						SystemCapabilities = {
							com.apple.ApplicationGroups.iOS = {
								enabled = 1;
							};
						};
					};
					000000000000000000000101 = {
						CreatedOnToolsVersion = 26.6;
						TestTargetID = 000000000000000000000100;
					};
					000000000000000000000102 = {
						CreatedOnToolsVersion = 26.6;
						SystemCapabilities = {
							com.apple.ApplicationGroups.iOS = {
								enabled = 1;
							};
						};
					};
				};
			};
			buildConfigurationList = 000000000000000000000202 /* Build configuration list for PBXProject "Vocaby" */;
			compatibilityVersion = "Xcode 16.0";
			developmentRegion = en;
			hasScannedForEncodings = 0;
			knownRegions = (
				en,
				"zh-Hant",
			);
			mainGroup = 000000000000000000000002;
			productRefGroup = 000000000000000000000003 /* Products */;
			projectDirPath = "";
			projectRoot = "";
			targets = (
				000000000000000000000100 /* Vocaby */,
				000000000000000000000101 /* VocabyTests */,
				000000000000000000000102 /* VocabyWidget */,
				DB52F7F99ADDC4CF4C722EB2 /* VocabyUITests */,
			);
		};
/* End PBXProject section */

/* Begin PBXResourcesBuildPhase section */
		000000000000000000000121 /* Resources */ = {
			isa = PBXResourcesBuildPhase;
			buildActionMask = 2147483647;
			files = (
				000000000000000000000407 /* Assets.xcassets in Resources */,
				000000000000000000000408 /* Localizable.xcstrings in Resources */,
				00000000000000000000040D /* VocabularySeed.json in Resources */,
				00000000000000000000041A /* ThirdPartyNotices.txt in Resources */,
			);
			runOnlyForDeploymentPostprocessing = 0;
		};
		000000000000000000000131 /* Resources */ = {
			isa = PBXResourcesBuildPhase;
			buildActionMask = 2147483647;
			files = (
			);
			runOnlyForDeploymentPostprocessing = 0;
		};
		000000000000000000000141 /* Resources */ = {
			isa = PBXResourcesBuildPhase;
			buildActionMask = 2147483647;
			files = (
				000000000000000000000432 /* Localizable.xcstrings in Resources */,
			);
			runOnlyForDeploymentPostprocessing = 0;
		};
		3717A0D5CCE8FC8598EB4684 /* Resources */ = {
			isa = PBXResourcesBuildPhase;
			buildActionMask = 2147483647;
			files = (
			);
			runOnlyForDeploymentPostprocessing = 0;
		};
/* End PBXResourcesBuildPhase section */

/* Begin PBXSourcesBuildPhase section */
		000000000000000000000120 /* Sources */ = {
			isa = PBXSourcesBuildPhase;
			buildActionMask = 2147483647;
			files = (
				000000000000000000000400 /* VocabyApp.swift in Sources */,
				000000000000000000000401 /* RootTabView.swift in Sources */,
				000000000000000000000402 /* TodayView.swift in Sources */,
				000000000000000000000403 /* ReviewView.swift in Sources */,
				000000000000000000000404 /* LibraryView.swift in Sources */,
				000000000000000000000405 /* SettingsView.swift in Sources */,
				000000000000000000000406 /* Theme.swift in Sources */,
				000000000000000000000409 /* VocabularyModels.swift in Sources */,
				00000000000000000000040A /* PersistenceModels.swift in Sources */,
				00000000000000000000040B /* DayKeyService.swift in Sources */,
				00000000000000000000040C /* SeedLoader.swift in Sources */,
				00000000000000000000040E /* ProgressPersistenceService.swift in Sources */,
				00000000000000000000040F /* DailySelectionService.swift in Sources */,
				000000000000000000000410 /* ReviewScheduler.swift in Sources */,
				000000000000000000000411 /* WidgetSnapshotWriter.swift in Sources */,
				000000000000000000000412 /* NotificationScheduler.swift in Sources */,
				000000000000000000000413 /* UserPreferencesStore.swift in Sources */,
				000000000000000000000414 /* RootView.swift in Sources */,
				000000000000000000000415 /* OnboardingView.swift in Sources */,
				000000000000000000000416 /* ReviewQueueService.swift in Sources */,
				000000000000000000000417 /* LibraryService.swift in Sources */,
				000000000000000000000418 /* QuizEngine.swift in Sources */,
				000000000000000000000419 /* PracticeView.swift in Sources */,
				00000000000000000000041B /* VocabularyEntryContentView.swift in Sources */,
				00000000000000000000041D /* LearningChrome.swift in Sources */,
				200000000000000000000401 /* LearnView.swift in Sources */,
				200000000000000000000402 /* LearningProgressView.swift in Sources */,
				200000000000000000000403 /* SM2.swift in Sources */,
				200000000000000000000408 /* AchievementEngine.swift in Sources */,
				25A848E03FC77506D28CEF00 /* AppClock.swift in Sources */,
				3A180E93B12E084A67CE9BA8 /* AnswerRecorder.swift in Sources */,
				3B2CDB3C64D49DD9AD6832A9 /* DailyPlanner.swift in Sources */,
				8DCB911E3CD6E32A1336723E /* AppLanguage.swift in Sources */,
				864CB46E89D08905E61A38BE /* SeedCatalog.swift in Sources */,
				66D0BA59DD8A0E5F5B013576 /* TodayProgress.swift in Sources */,
				B0E6C964CAE4092D05187BF9 /* DailySessionService.swift in Sources */,
				4BD613FBD7869D49545D7123 /* SeededRandomNumberGenerator.swift in Sources */,
			);
			runOnlyForDeploymentPostprocessing = 0;
		};
		000000000000000000000130 /* Sources */ = {
			isa = PBXSourcesBuildPhase;
			buildActionMask = 2147483647;
			files = (
				000000000000000000000420 /* DayKeyServiceTests.swift in Sources */,
				000000000000000000000421 /* VocabularySeedValidationTests.swift in Sources */,
				000000000000000000000422 /* PersistenceGuardTests.swift in Sources */,
				000000000000000000000423 /* DailySelectionServiceTests.swift in Sources */,
				000000000000000000000424 /* ReviewSchedulerTests.swift in Sources */,
				000000000000000000000425 /* WidgetSnapshotWriterTests.swift in Sources */,
				000000000000000000000426 /* NotificationSchedulerTests.swift in Sources */,
				000000000000000000000427 /* UserPreferencesStoreTests.swift in Sources */,
				000000000000000000000428 /* ReviewQueueServiceTests.swift in Sources */,
				000000000000000000000429 /* LibraryServiceTests.swift in Sources */,
				00000000000000000000042A /* LocalizationCoverageTests.swift in Sources */,
				00000000000000000000042B /* QuizEngineTests.swift in Sources */,
				200000000000000000000404 /* SM2Tests.swift in Sources */,
				20000000000000000000040A /* AchievementEngineTests.swift in Sources */,
				5348B8011A11095BDDBD2CE8 /* AppClockTests.swift in Sources */,
				26CA39D57512168D55286230 /* AnswerRecorderTests.swift in Sources */,
				FE583A49171E432A103EED4C /* DailyPlannerTests.swift in Sources */,
				7F0F534E5CB5530866E5F772 /* SeedCatalogTests.swift in Sources */,
				5CE30C1E16F5ECDE8386249E /* TodayProgressTests.swift in Sources */,
				76ADF0161D79D56ED017734A /* DailySessionServiceTests.swift in Sources */,
				5D7A57722D6CB8BEDB34E95E /* SeededRandomNumberGeneratorTests.swift in Sources */,
			);
			runOnlyForDeploymentPostprocessing = 0;
		};
		000000000000000000000140 /* Sources */ = {
			isa = PBXSourcesBuildPhase;
			buildActionMask = 2147483647;
			files = (
				000000000000000000000430 /* VocabyWidget.swift in Sources */,
				000000000000000000000431 /* WidgetSnapshotWriter.swift in Sources */,
			);
			runOnlyForDeploymentPostprocessing = 0;
		};
		E2E30233B6BB04A967B1172C /* Sources */ = {
			isa = PBXSourcesBuildPhase;
			buildActionMask = 2147483647;
			files = (
				CD55F7838355B445F2414882 /* AppearanceScreenshotTests.swift in Sources */,
			);
			runOnlyForDeploymentPostprocessing = 0;
		};
/* End PBXSourcesBuildPhase section */

/* Begin PBXTargetDependency section */
		000000000000000000000231 /* PBXTargetDependency */ = {
			isa = PBXTargetDependency;
			target = 000000000000000000000100 /* Vocaby */;
			targetProxy = 000000000000000000000230 /* PBXContainerItemProxy */;
		};
		000000000000000000000241 /* PBXTargetDependency */ = {
			isa = PBXTargetDependency;
			target = 000000000000000000000102 /* VocabyWidget */;
			targetProxy = 000000000000000000000240 /* PBXContainerItemProxy */;
		};
		FC37A021D38B9D86A63AEFF6 /* PBXTargetDependency */ = {
			isa = PBXTargetDependency;
			name = Vocaby;
			target = 000000000000000000000100 /* Vocaby */;
			targetProxy = 1C51FBED101D9B6E9A82984A /* PBXContainerItemProxy */;
		};
/* End PBXTargetDependency section */

/* Begin XCBuildConfiguration section */
		000000000000000000000200 /* Debug */ = {
			isa = XCBuildConfiguration;
			buildSettings = {
				ALWAYS_SEARCH_USER_PATHS = NO;
				CLANG_ENABLE_MODULES = YES;
				CLANG_ENABLE_OBJC_ARC = YES;
				CLANG_WARN_BLOCK_CAPTURE_AUTORELEASING = YES;
				CLANG_WARN_BOOL_CONVERSION = YES;
				CLANG_WARN_COMMA = YES;
				CLANG_WARN_CONSTANT_CONVERSION = YES;
				CLANG_WARN_DEPRECATED_OBJC_IMPLEMENTATIONS = YES;
				CLANG_WARN_DIRECT_OBJC_ISA_USAGE = YES_ERROR;
				CLANG_WARN_EMPTY_BODY = YES;
				CLANG_WARN_ENUM_CONVERSION = YES;
				CLANG_WARN_INFINITE_RECURSION = YES;
				CLANG_WARN_INT_CONVERSION = YES;
				CLANG_WARN_NON_LITERAL_NULL_CONVERSION = YES;
				CLANG_WARN_OBJC_IMPLICIT_RETAIN_SELF = YES;
				CLANG_WARN_OBJC_LITERAL_CONVERSION = YES;
				CLANG_WARN_QUOTED_INCLUDE_IN_FRAMEWORK_HEADER = YES;
				CLANG_WARN_RANGE_LOOP_ANALYSIS = YES;
				CLANG_WARN_STRICT_PROTOTYPES = YES;
				CLANG_WARN_SUSPICIOUS_MOVE = YES;
				CLANG_WARN_UNREACHABLE_CODE = YES;
				CLANG_WARN__DUPLICATE_METHOD_MATCH = YES;
				COPY_PHASE_STRIP = NO;
				DEBUG_INFORMATION_FORMAT = dwarf;
				ENABLE_STRICT_OBJC_MSGSEND = YES;
				ENABLE_TESTABILITY = YES;
				GCC_C_LANGUAGE_STANDARD = gnu17;
				GCC_DYNAMIC_NO_PIC = NO;
				GCC_NO_COMMON_BLOCKS = YES;
				GCC_OPTIMIZATION_LEVEL = 0;
				GCC_PREPROCESSOR_DEFINITIONS = (
					"DEBUG=1",
					"$(inherited)",
				);
				GCC_WARN_64_TO_32_BIT_CONVERSION = YES;
				GCC_WARN_ABOUT_RETURN_TYPE = YES_ERROR;
				GCC_WARN_UNDECLARED_SELECTOR = YES;
				GCC_WARN_UNINITIALIZED_AUTOS = YES_AGGRESSIVE;
				GCC_WARN_UNUSED_FUNCTION = YES;
				GCC_WARN_UNUSED_VARIABLE = YES;
				IPHONEOS_DEPLOYMENT_TARGET = 17.0;
				MTL_ENABLE_DEBUG_INFO = INCLUDE_SOURCE;
				MTL_FAST_MATH = YES;
				ONLY_ACTIVE_ARCH = YES;
				SDKROOT = iphoneos;
				SWIFT_ACTIVE_COMPILATION_CONDITIONS = DEBUG;
				SWIFT_EMIT_LOC_STRINGS = YES;
				SWIFT_OPTIMIZATION_LEVEL = "-Onone";
			};
			name = Debug;
		};
		000000000000000000000201 /* Release */ = {
			isa = XCBuildConfiguration;
			buildSettings = {
				ALWAYS_SEARCH_USER_PATHS = NO;
				CLANG_ENABLE_MODULES = YES;
				CLANG_ENABLE_OBJC_ARC = YES;
				CLANG_WARN_BLOCK_CAPTURE_AUTORELEASING = YES;
				CLANG_WARN_BOOL_CONVERSION = YES;
				CLANG_WARN_COMMA = YES;
				CLANG_WARN_CONSTANT_CONVERSION = YES;
				CLANG_WARN_DEPRECATED_OBJC_IMPLEMENTATIONS = YES;
				CLANG_WARN_DIRECT_OBJC_ISA_USAGE = YES_ERROR;
				CLANG_WARN_EMPTY_BODY = YES;
				CLANG_WARN_ENUM_CONVERSION = YES;
				CLANG_WARN_INFINITE_RECURSION = YES;
				CLANG_WARN_INT_CONVERSION = YES;
				CLANG_WARN_NON_LITERAL_NULL_CONVERSION = YES;
				CLANG_WARN_OBJC_IMPLICIT_RETAIN_SELF = YES;
				CLANG_WARN_OBJC_LITERAL_CONVERSION = YES;
				CLANG_WARN_QUOTED_INCLUDE_IN_FRAMEWORK_HEADER = YES;
				CLANG_WARN_RANGE_LOOP_ANALYSIS = YES;
				CLANG_WARN_STRICT_PROTOTYPES = YES;
				CLANG_WARN_SUSPICIOUS_MOVE = YES;
				CLANG_WARN_UNREACHABLE_CODE = YES;
				CLANG_WARN__DUPLICATE_METHOD_MATCH = YES;
				COPY_PHASE_STRIP = NO;
				DEBUG_INFORMATION_FORMAT = "dwarf-with-dsym";
				ENABLE_NS_ASSERTIONS = NO;
				ENABLE_STRICT_OBJC_MSGSEND = YES;
				GCC_C_LANGUAGE_STANDARD = gnu17;
				GCC_NO_COMMON_BLOCKS = YES;
				GCC_WARN_64_TO_32_BIT_CONVERSION = YES;
				GCC_WARN_ABOUT_RETURN_TYPE = YES_ERROR;
				GCC_WARN_UNDECLARED_SELECTOR = YES;
				GCC_WARN_UNINITIALIZED_AUTOS = YES_AGGRESSIVE;
				GCC_WARN_UNUSED_FUNCTION = YES;
				GCC_WARN_UNUSED_VARIABLE = YES;
				IPHONEOS_DEPLOYMENT_TARGET = 17.0;
				MTL_ENABLE_DEBUG_INFO = NO;
				MTL_FAST_MATH = YES;
				SDKROOT = iphoneos;
				SWIFT_COMPILATION_MODE = wholemodule;
				SWIFT_EMIT_LOC_STRINGS = YES;
				VALIDATE_PRODUCT = YES;
			};
			name = Release;
		};
		000000000000000000000210 /* Debug */ = {
			isa = XCBuildConfiguration;
			buildSettings = {
				ASSETCATALOG_COMPILER_APPICON_NAME = AppIcon;
				ASSETCATALOG_COMPILER_GLOBAL_ACCENT_COLOR_NAME = Accent;
				CODE_SIGN_ENTITLEMENTS = Vocaby/Vocaby.entitlements;
				CODE_SIGN_STYLE = Automatic;
				CURRENT_PROJECT_VERSION = 1;
				DEVELOPMENT_TEAM = "";
				ENABLE_PREVIEWS = YES;
				GENERATE_INFOPLIST_FILE = NO;
				INFOPLIST_FILE = Vocaby/Info.plist;
				IPHONEOS_DEPLOYMENT_TARGET = 17.0;
				LD_RUNPATH_SEARCH_PATHS = (
					"$(inherited)",
					"@executable_path/Frameworks",
				);
				MARKETING_VERSION = 2.0.0;
				PRODUCT_BUNDLE_IDENTIFIER = com.raychiutw.Vocaby;
				PRODUCT_NAME = "$(TARGET_NAME)";
				SUPPORTED_PLATFORMS = "iphoneos iphonesimulator";
				SUPPORTS_MACCATALYST = NO;
				SUPPORTS_MAC_DESIGNED_FOR_IPHONE_IPAD = NO;
				SWIFT_VERSION = 5.0;
				TARGETED_DEVICE_FAMILY = "1,2";
			};
			name = Debug;
		};
		000000000000000000000211 /* Release */ = {
			isa = XCBuildConfiguration;
			buildSettings = {
				ASSETCATALOG_COMPILER_APPICON_NAME = AppIcon;
				ASSETCATALOG_COMPILER_GLOBAL_ACCENT_COLOR_NAME = Accent;
				CODE_SIGN_ENTITLEMENTS = Vocaby/Vocaby.entitlements;
				CODE_SIGN_STYLE = Automatic;
				CURRENT_PROJECT_VERSION = 1;
				DEVELOPMENT_TEAM = "";
				ENABLE_PREVIEWS = YES;
				GENERATE_INFOPLIST_FILE = NO;
				INFOPLIST_FILE = Vocaby/Info.plist;
				IPHONEOS_DEPLOYMENT_TARGET = 17.0;
				LD_RUNPATH_SEARCH_PATHS = (
					"$(inherited)",
					"@executable_path/Frameworks",
				);
				MARKETING_VERSION = 2.0.0;
				PRODUCT_BUNDLE_IDENTIFIER = com.raychiutw.Vocaby;
				PRODUCT_NAME = "$(TARGET_NAME)";
				SUPPORTED_PLATFORMS = "iphoneos iphonesimulator";
				SUPPORTS_MACCATALYST = NO;
				SUPPORTS_MAC_DESIGNED_FOR_IPHONE_IPAD = NO;
				SWIFT_VERSION = 5.0;
				TARGETED_DEVICE_FAMILY = "1,2";
			};
			name = Release;
		};
		000000000000000000000220 /* Debug */ = {
			isa = XCBuildConfiguration;
			buildSettings = {
				BUNDLE_LOADER = "$(TEST_HOST)";
				CODE_SIGN_STYLE = Automatic;
				DEVELOPMENT_TEAM = "";
				GENERATE_INFOPLIST_FILE = YES;
				IPHONEOS_DEPLOYMENT_TARGET = 17.0;
				LD_RUNPATH_SEARCH_PATHS = (
					"$(inherited)",
					"@executable_path/Frameworks",
					"@loader_path/Frameworks",
				);
				PRODUCT_BUNDLE_IDENTIFIER = com.raychiutw.VocabyTests;
				PRODUCT_NAME = "$(TARGET_NAME)";
				SUPPORTED_PLATFORMS = "iphoneos iphonesimulator";
				SWIFT_VERSION = 5.0;
				TARGETED_DEVICE_FAMILY = "1,2";
				TEST_HOST = "$(BUILT_PRODUCTS_DIR)/Vocaby.app/$(BUNDLE_EXECUTABLE_FOLDER_PATH)/Vocaby";
			};
			name = Debug;
		};
		000000000000000000000221 /* Release */ = {
			isa = XCBuildConfiguration;
			buildSettings = {
				BUNDLE_LOADER = "$(TEST_HOST)";
				CODE_SIGN_STYLE = Automatic;
				DEVELOPMENT_TEAM = "";
				GENERATE_INFOPLIST_FILE = YES;
				IPHONEOS_DEPLOYMENT_TARGET = 17.0;
				LD_RUNPATH_SEARCH_PATHS = (
					"$(inherited)",
					"@executable_path/Frameworks",
					"@loader_path/Frameworks",
				);
				PRODUCT_BUNDLE_IDENTIFIER = com.raychiutw.VocabyTests;
				PRODUCT_NAME = "$(TARGET_NAME)";
				SUPPORTED_PLATFORMS = "iphoneos iphonesimulator";
				SWIFT_VERSION = 5.0;
				TARGETED_DEVICE_FAMILY = "1,2";
				TEST_HOST = "$(BUILT_PRODUCTS_DIR)/Vocaby.app/$(BUNDLE_EXECUTABLE_FOLDER_PATH)/Vocaby";
			};
			name = Release;
		};
		000000000000000000000250 /* Debug */ = {
			isa = XCBuildConfiguration;
			buildSettings = {
				CODE_SIGN_ENTITLEMENTS = VocabyWidget/VocabyWidget.entitlements;
				CODE_SIGN_STYLE = Automatic;
				CURRENT_PROJECT_VERSION = 1;
				DEVELOPMENT_TEAM = "";
				ENABLE_PREVIEWS = YES;
				GENERATE_INFOPLIST_FILE = NO;
				INFOPLIST_FILE = VocabyWidget/Info.plist;
				IPHONEOS_DEPLOYMENT_TARGET = 17.0;
				LD_RUNPATH_SEARCH_PATHS = (
					"$(inherited)",
					"@executable_path/Frameworks",
					"@executable_path/../../Frameworks",
				);
				MARKETING_VERSION = 2.0.0;
				PRODUCT_BUNDLE_IDENTIFIER = com.raychiutw.Vocaby.Widget;
				PRODUCT_NAME = "$(TARGET_NAME)";
				SKIP_INSTALL = YES;
				SUPPORTED_PLATFORMS = "iphoneos iphonesimulator";
				SUPPORTS_MACCATALYST = NO;
				SUPPORTS_MAC_DESIGNED_FOR_IPHONE_IPAD = NO;
				SWIFT_VERSION = 5.0;
				TARGETED_DEVICE_FAMILY = "1,2";
			};
			name = Debug;
		};
		000000000000000000000251 /* Release */ = {
			isa = XCBuildConfiguration;
			buildSettings = {
				CODE_SIGN_ENTITLEMENTS = VocabyWidget/VocabyWidget.entitlements;
				CODE_SIGN_STYLE = Automatic;
				CURRENT_PROJECT_VERSION = 1;
				DEVELOPMENT_TEAM = "";
				ENABLE_PREVIEWS = YES;
				GENERATE_INFOPLIST_FILE = NO;
				INFOPLIST_FILE = VocabyWidget/Info.plist;
				IPHONEOS_DEPLOYMENT_TARGET = 17.0;
				LD_RUNPATH_SEARCH_PATHS = (
					"$(inherited)",
					"@executable_path/Frameworks",
					"@executable_path/../../Frameworks",
				);
				MARKETING_VERSION = 2.0.0;
				PRODUCT_BUNDLE_IDENTIFIER = com.raychiutw.Vocaby.Widget;
				PRODUCT_NAME = "$(TARGET_NAME)";
				SKIP_INSTALL = YES;
				SUPPORTED_PLATFORMS = "iphoneos iphonesimulator";
				SUPPORTS_MACCATALYST = NO;
				SUPPORTS_MAC_DESIGNED_FOR_IPHONE_IPAD = NO;
				SWIFT_VERSION = 5.0;
				TARGETED_DEVICE_FAMILY = "1,2";
			};
			name = Release;
		};
		5C2F188CC3587E3B36C3D00E /* Debug */ = {
			isa = XCBuildConfiguration;
			buildSettings = {
				CLANG_ENABLE_OBJC_WEAK = NO;
				DEVELOPMENT_TEAM = "";
				GENERATE_INFOPLIST_FILE = YES;
				IPHONEOS_DEPLOYMENT_TARGET = 17.0;
				PRODUCT_BUNDLE_IDENTIFIER = com.raychiutw.VocabyUITests;
				PRODUCT_NAME = "$(TARGET_NAME)";
				SDKROOT = iphoneos;
				SWIFT_VERSION = 5.0;
				TARGETED_DEVICE_FAMILY = "1,2";
				TEST_TARGET_NAME = Vocaby;
			};
			name = Debug;
		};
		C0BCBB60FEB803AD62D48194 /* Release */ = {
			isa = XCBuildConfiguration;
			buildSettings = {
				CLANG_ENABLE_OBJC_WEAK = NO;
				DEVELOPMENT_TEAM = "";
				GENERATE_INFOPLIST_FILE = YES;
				IPHONEOS_DEPLOYMENT_TARGET = 17.0;
				PRODUCT_BUNDLE_IDENTIFIER = com.raychiutw.VocabyUITests;
				PRODUCT_NAME = "$(TARGET_NAME)";
				SDKROOT = iphoneos;
				SWIFT_VERSION = 5.0;
				TARGETED_DEVICE_FAMILY = "1,2";
				TEST_TARGET_NAME = Vocaby;
				VALIDATE_PRODUCT = YES;
			};
			name = Release;
		};
/* End XCBuildConfiguration section */

/* Begin XCConfigurationList section */
		000000000000000000000202 /* Build configuration list for PBXProject "Vocaby" */ = {
			isa = XCConfigurationList;
			buildConfigurations = (
				000000000000000000000200 /* Debug */,
				000000000000000000000201 /* Release */,
			);
			defaultConfigurationIsVisible = 0;
			defaultConfigurationName = Release;
		};
		000000000000000000000212 /* Build configuration list for PBXNativeTarget "Vocaby" */ = {
			isa = XCConfigurationList;
			buildConfigurations = (
				000000000000000000000210 /* Debug */,
				000000000000000000000211 /* Release */,
			);
			defaultConfigurationIsVisible = 0;
			defaultConfigurationName = Release;
		};
		000000000000000000000222 /* Build configuration list for PBXNativeTarget "VocabyTests" */ = {
			isa = XCConfigurationList;
			buildConfigurations = (
				000000000000000000000220 /* Debug */,
				000000000000000000000221 /* Release */,
			);
			defaultConfigurationIsVisible = 0;
			defaultConfigurationName = Release;
		};
		000000000000000000000252 /* Build configuration list for PBXNativeTarget "VocabyWidget" */ = {
			isa = XCConfigurationList;
			buildConfigurations = (
				000000000000000000000250 /* Debug */,
				000000000000000000000251 /* Release */,
			);
			defaultConfigurationIsVisible = 0;
			defaultConfigurationName = Release;
		};
		4D37B54749B9256D9A9A750C /* Build configuration list for PBXNativeTarget "VocabyUITests" */ = {
			isa = XCConfigurationList;
			buildConfigurations = (
				C0BCBB60FEB803AD62D48194 /* Release */,
				5C2F188CC3587E3B36C3D00E /* Debug */,
			);
			defaultConfigurationIsVisible = 0;
			defaultConfigurationName = Release;
		};
/* End XCConfigurationList section */
	};
	rootObject = 000000000000000000000001 /* Project object */;
}
