// !$*UTF8*$!
{
	archiveVersion = 1;
	classes = {
	};
	objectVersion = 70;
	objects = {

/* Begin PBXBuildFile section */
		000000000000000000000400 /* WordingDailyApp.swift in Sources */ = {isa = PBXBuildFile; fileRef = 000000000000000000000300 /* WordingDailyApp.swift */; };
		000000000000000000000401 /* RootTabView.swift in Sources */ = {isa = PBXBuildFile; fileRef = 000000000000000000000301 /* RootTabView.swift */; };
		000000000000000000000402 /* TodayView.swift in Sources */ = {isa = PBXBuildFile; fileRef = 000000000000000000000302 /* TodayView.swift */; };
		000000000000000000000403 /* ReviewView.swift in Sources */ = {isa = PBXBuildFile; fileRef = 000000000000000000000303 /* ReviewView.swift */; };
		000000000000000000000404 /* LibraryView.swift in Sources */ = {isa = PBXBuildFile; fileRef = 000000000000000000000304 /* LibraryView.swift */; };
		000000000000000000000405 /* SettingsView.swift in Sources */ = {isa = PBXBuildFile; fileRef = 000000000000000000000305 /* SettingsView.swift */; };
		000000000000000000000406 /* Theme.swift in Sources */ = {isa = PBXBuildFile; fileRef = 000000000000000000000306 /* Theme.swift */; };
		000000000000000000000407 /* Assets.xcassets in Resources */ = {isa = PBXBuildFile; fileRef = 000000000000000000000307 /* Assets.xcassets */; };
		000000000000000000000408 /* Localizable.xcstrings in Resources */ = {isa = PBXBuildFile; fileRef = 000000000000000000000308 /* Localizable.xcstrings */; };
		000000000000000000000409 /* VocabularyModels.swift in Sources */ = {isa = PBXBuildFile; fileRef = 000000000000000000000309 /* VocabularyModels.swift */; };
		00000000000000000000040A /* PersistenceModels.swift in Sources */ = {isa = PBXBuildFile; fileRef = 00000000000000000000030A /* PersistenceModels.swift */; };
		00000000000000000000040B /* DayKeyService.swift in Sources */ = {isa = PBXBuildFile; fileRef = 00000000000000000000030B /* DayKeyService.swift */; };
		00000000000000000000040C /* SeedLoader.swift in Sources */ = {isa = PBXBuildFile; fileRef = 00000000000000000000030C /* SeedLoader.swift */; };
		00000000000000000000040D /* VocabularySeed.json in Resources */ = {isa = PBXBuildFile; fileRef = 00000000000000000000030D /* VocabularySeed.json */; };
		00000000000000000000040E /* ProgressPersistenceService.swift in Sources */ = {isa = PBXBuildFile; fileRef = 00000000000000000000030E /* ProgressPersistenceService.swift */; };
		00000000000000000000040F /* DailySelectionService.swift in Sources */ = {isa = PBXBuildFile; fileRef = 00000000000000000000030F /* DailySelectionService.swift */; };
		000000000000000000000410 /* ReviewScheduler.swift in Sources */ = {isa = PBXBuildFile; fileRef = 000000000000000000000310 /* ReviewScheduler.swift */; };
		000000000000000000000411 /* WidgetSnapshotWriter.swift in Sources */ = {isa = PBXBuildFile; fileRef = 000000000000000000000311 /* WidgetSnapshotWriter.swift */; };
		000000000000000000000412 /* NotificationScheduler.swift in Sources */ = {isa = PBXBuildFile; fileRef = 000000000000000000000312 /* NotificationScheduler.swift */; };
		000000000000000000000413 /* UserPreferencesStore.swift in Sources */ = {isa = PBXBuildFile; fileRef = 000000000000000000000313 /* UserPreferencesStore.swift */; };
		000000000000000000000414 /* RootView.swift in Sources */ = {isa = PBXBuildFile; fileRef = 000000000000000000000314 /* RootView.swift */; };
		000000000000000000000415 /* OnboardingView.swift in Sources */ = {isa = PBXBuildFile; fileRef = 000000000000000000000315 /* OnboardingView.swift */; };
		000000000000000000000416 /* ReviewQueueService.swift in Sources */ = {isa = PBXBuildFile; fileRef = 000000000000000000000316 /* ReviewQueueService.swift */; };
		000000000000000000000417 /* LibraryService.swift in Sources */ = {isa = PBXBuildFile; fileRef = 000000000000000000000317 /* LibraryService.swift */; };
		000000000000000000000418 /* QuizEngine.swift in Sources */ = {isa = PBXBuildFile; fileRef = 00000000000000000000031A /* QuizEngine.swift */; };
		000000000000000000000419 /* PracticeView.swift in Sources */ = {isa = PBXBuildFile; fileRef = 00000000000000000000031B /* PracticeView.swift */; };
		000000000000000000000430 /* WordingDailyWidget.swift in Sources */ = {isa = PBXBuildFile; fileRef = 000000000000000000000330 /* WordingDailyWidget.swift */; };
		000000000000000000000431 /* WidgetSnapshotWriter.swift in Sources */ = {isa = PBXBuildFile; fileRef = 000000000000000000000311 /* WidgetSnapshotWriter.swift */; };
		000000000000000000000432 /* Localizable.xcstrings in Resources */ = {isa = PBXBuildFile; fileRef = 000000000000000000000308 /* Localizable.xcstrings */; };
		000000000000000000000433 /* WordingDailyWidget.appex in Embed App Extensions */ = {isa = PBXBuildFile; fileRef = 000000000000000000000112 /* WordingDailyWidget.appex */; settings = {ATTRIBUTES = (RemoveHeadersOnCopy, ); }; };
		000000000000000000000420 /* DayKeyServiceTests.swift in Sources */ = {isa = PBXBuildFile; fileRef = 000000000000000000000320 /* DayKeyServiceTests.swift */; };
		000000000000000000000421 /* VocabularySeedValidationTests.swift in Sources */ = {isa = PBXBuildFile; fileRef = 000000000000000000000321 /* VocabularySeedValidationTests.swift */; };
		000000000000000000000422 /* PersistenceGuardTests.swift in Sources */ = {isa = PBXBuildFile; fileRef = 000000000000000000000322 /* PersistenceGuardTests.swift */; };
		000000000000000000000423 /* DailySelectionServiceTests.swift in Sources */ = {isa = PBXBuildFile; fileRef = 000000000000000000000323 /* DailySelectionServiceTests.swift */; };
		000000000000000000000424 /* ReviewSchedulerTests.swift in Sources */ = {isa = PBXBuildFile; fileRef = 000000000000000000000324 /* ReviewSchedulerTests.swift */; };
		000000000000000000000425 /* WidgetSnapshotWriterTests.swift in Sources */ = {isa = PBXBuildFile; fileRef = 000000000000000000000325 /* WidgetSnapshotWriterTests.swift */; };
		000000000000000000000426 /* NotificationSchedulerTests.swift in Sources */ = {isa = PBXBuildFile; fileRef = 000000000000000000000326 /* NotificationSchedulerTests.swift */; };
		000000000000000000000427 /* UserPreferencesStoreTests.swift in Sources */ = {isa = PBXBuildFile; fileRef = 000000000000000000000327 /* UserPreferencesStoreTests.swift */; };
		000000000000000000000428 /* ReviewQueueServiceTests.swift in Sources */ = {isa = PBXBuildFile; fileRef = 000000000000000000000328 /* ReviewQueueServiceTests.swift */; };
		000000000000000000000429 /* LibraryServiceTests.swift in Sources */ = {isa = PBXBuildFile; fileRef = 000000000000000000000329 /* LibraryServiceTests.swift */; };
		00000000000000000000042A /* LocalizationCoverageTests.swift in Sources */ = {isa = PBXBuildFile; fileRef = 00000000000000000000032A /* LocalizationCoverageTests.swift */; };
		00000000000000000000042B /* QuizEngineTests.swift in Sources */ = {isa = PBXBuildFile; fileRef = 00000000000000000000032B /* QuizEngineTests.swift */; };
/* End PBXBuildFile section */

/* Begin PBXContainerItemProxy section */
		000000000000000000000230 /* PBXContainerItemProxy */ = {
			isa = PBXContainerItemProxy;
			containerPortal = 000000000000000000000001 /* Project object */;
			proxyType = 1;
			remoteGlobalIDString = 000000000000000000000100;
			remoteInfo = WordingDailyApp;
		};
		000000000000000000000240 /* PBXContainerItemProxy */ = {
			isa = PBXContainerItemProxy;
			containerPortal = 000000000000000000000001 /* Project object */;
			proxyType = 1;
			remoteGlobalIDString = 000000000000000000000102;
			remoteInfo = WordingDailyWidget;
		};
/* End PBXContainerItemProxy section */

/* Begin PBXFileReference section */
		000000000000000000000110 /* WordingDailyApp.app */ = {isa = PBXFileReference; explicitFileType = wrapper.application; includeInIndex = 0; path = WordingDailyApp.app; sourceTree = BUILT_PRODUCTS_DIR; };
		000000000000000000000111 /* WordingDailyAppTests.xctest */ = {isa = PBXFileReference; explicitFileType = wrapper.cfbundle; includeInIndex = 0; path = WordingDailyAppTests.xctest; sourceTree = BUILT_PRODUCTS_DIR; };
		000000000000000000000112 /* WordingDailyWidget.appex */ = {isa = PBXFileReference; explicitFileType = "wrapper.app-extension"; includeInIndex = 0; path = WordingDailyWidget.appex; sourceTree = BUILT_PRODUCTS_DIR; };
		000000000000000000000300 /* WordingDailyApp.swift */ = {isa = PBXFileReference; lastKnownFileType = sourcecode.swift; path = WordingDailyApp.swift; sourceTree = "<group>"; };
		000000000000000000000301 /* RootTabView.swift */ = {isa = PBXFileReference; lastKnownFileType = sourcecode.swift; path = RootTabView.swift; sourceTree = "<group>"; };
		000000000000000000000302 /* TodayView.swift */ = {isa = PBXFileReference; lastKnownFileType = sourcecode.swift; path = TodayView.swift; sourceTree = "<group>"; };
		000000000000000000000303 /* ReviewView.swift */ = {isa = PBXFileReference; lastKnownFileType = sourcecode.swift; path = ReviewView.swift; sourceTree = "<group>"; };
		000000000000000000000304 /* LibraryView.swift */ = {isa = PBXFileReference; lastKnownFileType = sourcecode.swift; path = LibraryView.swift; sourceTree = "<group>"; };
		000000000000000000000305 /* SettingsView.swift */ = {isa = PBXFileReference; lastKnownFileType = sourcecode.swift; path = SettingsView.swift; sourceTree = "<group>"; };
		000000000000000000000306 /* Theme.swift */ = {isa = PBXFileReference; lastKnownFileType = sourcecode.swift; path = Theme.swift; sourceTree = "<group>"; };
		000000000000000000000307 /* Assets.xcassets */ = {isa = PBXFileReference; lastKnownFileType = folder.assetcatalog; path = Assets.xcassets; sourceTree = "<group>"; };
		000000000000000000000308 /* Localizable.xcstrings */ = {isa = PBXFileReference; lastKnownFileType = text.json.xcstrings; path = Localizable.xcstrings; sourceTree = "<group>"; };
		000000000000000000000309 /* VocabularyModels.swift */ = {isa = PBXFileReference; lastKnownFileType = sourcecode.swift; path = VocabularyModels.swift; sourceTree = "<group>"; };
		00000000000000000000030A /* PersistenceModels.swift */ = {isa = PBXFileReference; lastKnownFileType = sourcecode.swift; path = PersistenceModels.swift; sourceTree = "<group>"; };
		00000000000000000000030B /* DayKeyService.swift */ = {isa = PBXFileReference; lastKnownFileType = sourcecode.swift; path = DayKeyService.swift; sourceTree = "<group>"; };
		00000000000000000000030C /* SeedLoader.swift */ = {isa = PBXFileReference; lastKnownFileType = sourcecode.swift; path = SeedLoader.swift; sourceTree = "<group>"; };
		00000000000000000000030D /* VocabularySeed.json */ = {isa = PBXFileReference; lastKnownFileType = text.json; path = VocabularySeed.json; sourceTree = "<group>"; };
		00000000000000000000030E /* ProgressPersistenceService.swift */ = {isa = PBXFileReference; lastKnownFileType = sourcecode.swift; path = ProgressPersistenceService.swift; sourceTree = "<group>"; };
		00000000000000000000030F /* DailySelectionService.swift */ = {isa = PBXFileReference; lastKnownFileType = sourcecode.swift; path = DailySelectionService.swift; sourceTree = "<group>"; };
		000000000000000000000310 /* ReviewScheduler.swift */ = {isa = PBXFileReference; lastKnownFileType = sourcecode.swift; path = ReviewScheduler.swift; sourceTree = "<group>"; };
		000000000000000000000311 /* WidgetSnapshotWriter.swift */ = {isa = PBXFileReference; lastKnownFileType = sourcecode.swift; path = WidgetSnapshotWriter.swift; sourceTree = "<group>"; };
		000000000000000000000312 /* NotificationScheduler.swift */ = {isa = PBXFileReference; lastKnownFileType = sourcecode.swift; path = NotificationScheduler.swift; sourceTree = "<group>"; };
		000000000000000000000313 /* UserPreferencesStore.swift */ = {isa = PBXFileReference; lastKnownFileType = sourcecode.swift; path = UserPreferencesStore.swift; sourceTree = "<group>"; };
		000000000000000000000314 /* RootView.swift */ = {isa = PBXFileReference; lastKnownFileType = sourcecode.swift; path = RootView.swift; sourceTree = "<group>"; };
		000000000000000000000315 /* OnboardingView.swift */ = {isa = PBXFileReference; lastKnownFileType = sourcecode.swift; path = OnboardingView.swift; sourceTree = "<group>"; };
		000000000000000000000316 /* ReviewQueueService.swift */ = {isa = PBXFileReference; lastKnownFileType = sourcecode.swift; path = ReviewQueueService.swift; sourceTree = "<group>"; };
		000000000000000000000317 /* LibraryService.swift */ = {isa = PBXFileReference; lastKnownFileType = sourcecode.swift; path = LibraryService.swift; sourceTree = "<group>"; };
		00000000000000000000031A /* QuizEngine.swift */ = {isa = PBXFileReference; lastKnownFileType = sourcecode.swift; path = QuizEngine.swift; sourceTree = "<group>"; };
		00000000000000000000031B /* PracticeView.swift */ = {isa = PBXFileReference; lastKnownFileType = sourcecode.swift; path = PracticeView.swift; sourceTree = "<group>"; };
		000000000000000000000318 /* WordingDailyApp.entitlements */ = {isa = PBXFileReference; lastKnownFileType = text.plist.entitlements; path = WordingDailyApp.entitlements; sourceTree = "<group>"; };
		000000000000000000000319 /* Info.plist */ = {isa = PBXFileReference; lastKnownFileType = text.plist.xml; path = Info.plist; sourceTree = "<group>"; };
		000000000000000000000320 /* DayKeyServiceTests.swift */ = {isa = PBXFileReference; lastKnownFileType = sourcecode.swift; path = DayKeyServiceTests.swift; sourceTree = "<group>"; };
		000000000000000000000321 /* VocabularySeedValidationTests.swift */ = {isa = PBXFileReference; lastKnownFileType = sourcecode.swift; path = VocabularySeedValidationTests.swift; sourceTree = "<group>"; };
		000000000000000000000322 /* PersistenceGuardTests.swift */ = {isa = PBXFileReference; lastKnownFileType = sourcecode.swift; path = PersistenceGuardTests.swift; sourceTree = "<group>"; };
		000000000000000000000323 /* DailySelectionServiceTests.swift */ = {isa = PBXFileReference; lastKnownFileType = sourcecode.swift; path = DailySelectionServiceTests.swift; sourceTree = "<group>"; };
		000000000000000000000324 /* ReviewSchedulerTests.swift */ = {isa = PBXFileReference; lastKnownFileType = sourcecode.swift; path = ReviewSchedulerTests.swift; sourceTree = "<group>"; };
		000000000000000000000325 /* WidgetSnapshotWriterTests.swift */ = {isa = PBXFileReference; lastKnownFileType = sourcecode.swift; path = WidgetSnapshotWriterTests.swift; sourceTree = "<group>"; };
		000000000000000000000326 /* NotificationSchedulerTests.swift */ = {isa = PBXFileReference; lastKnownFileType = sourcecode.swift; path = NotificationSchedulerTests.swift; sourceTree = "<group>"; };
		000000000000000000000327 /* UserPreferencesStoreTests.swift */ = {isa = PBXFileReference; lastKnownFileType = sourcecode.swift; path = UserPreferencesStoreTests.swift; sourceTree = "<group>"; };
		000000000000000000000328 /* ReviewQueueServiceTests.swift */ = {isa = PBXFileReference; lastKnownFileType = sourcecode.swift; path = ReviewQueueServiceTests.swift; sourceTree = "<group>"; };
		000000000000000000000329 /* LibraryServiceTests.swift */ = {isa = PBXFileReference; lastKnownFileType = sourcecode.swift; path = LibraryServiceTests.swift; sourceTree = "<group>"; };
		00000000000000000000032A /* LocalizationCoverageTests.swift */ = {isa = PBXFileReference; lastKnownFileType = sourcecode.swift; path = LocalizationCoverageTests.swift; sourceTree = "<group>"; };
		00000000000000000000032B /* QuizEngineTests.swift */ = {isa = PBXFileReference; lastKnownFileType = sourcecode.swift; path = QuizEngineTests.swift; sourceTree = "<group>"; };
		000000000000000000000330 /* WordingDailyWidget.swift */ = {isa = PBXFileReference; lastKnownFileType = sourcecode.swift; path = WordingDailyWidget.swift; sourceTree = "<group>"; };
		000000000000000000000331 /* WordingDailyWidget.entitlements */ = {isa = PBXFileReference; lastKnownFileType = text.plist.entitlements; path = WordingDailyWidget.entitlements; sourceTree = "<group>"; };
		000000000000000000000332 /* Info.plist */ = {isa = PBXFileReference; lastKnownFileType = text.plist.xml; path = Info.plist; sourceTree = "<group>"; };
/* End PBXFileReference section */

/* Begin PBXCopyFilesBuildPhase section */
		000000000000000000000123 /* Embed App Extensions */ = {
			isa = PBXCopyFilesBuildPhase;
			buildActionMask = 2147483647;
			dstPath = "";
			dstSubfolderSpec = 13;
			files = (
				000000000000000000000433 /* WordingDailyWidget.appex in Embed App Extensions */,
			);
			name = "Embed App Extensions";
			runOnlyForDeploymentPostprocessing = 0;
		};
/* End PBXCopyFilesBuildPhase section */

/* Begin PBXFrameworksBuildPhase section */
		000000000000000000000122 /* Frameworks */ = {
			isa = PBXFrameworksBuildPhase;
			buildActionMask = 2147483647;
			files = (
			);
			runOnlyForDeploymentPostprocessing = 0;
		};
		000000000000000000000132 /* Frameworks */ = {
			isa = PBXFrameworksBuildPhase;
			buildActionMask = 2147483647;
			files = (
			);
			runOnlyForDeploymentPostprocessing = 0;
		};
		000000000000000000000142 /* Frameworks */ = {
			isa = PBXFrameworksBuildPhase;
			buildActionMask = 2147483647;
			files = (
			);
			runOnlyForDeploymentPostprocessing = 0;
		};
/* End PBXFrameworksBuildPhase section */

/* Begin PBXGroup section */
		000000000000000000000002 = {
			isa = PBXGroup;
			children = (
				000000000000000000000004 /* WordingDailyApp */,
				000000000000000000000060 /* WordingDailyAppTests */,
				000000000000000000000061 /* WordingDailyWidget */,
				000000000000000000000003 /* Products */,
			);
			sourceTree = "<group>";
		};
		000000000000000000000003 /* Products */ = {
			isa = PBXGroup;
			children = (
				000000000000000000000110 /* WordingDailyApp.app */,
				000000000000000000000111 /* WordingDailyAppTests.xctest */,
				000000000000000000000112 /* WordingDailyWidget.appex */,
			);
			name = Products;
			sourceTree = "<group>";
		};
		000000000000000000000004 /* WordingDailyApp */ = {
			isa = PBXGroup;
			children = (
				000000000000000000000005 /* App */,
				000000000000000000000050 /* Features */,
				000000000000000000000058 /* Models */,
				000000000000000000000059 /* Services */,
				000000000000000000000056 /* Design */,
				000000000000000000000057 /* Resources */,
				000000000000000000000307 /* Assets.xcassets */,
				000000000000000000000319 /* Info.plist */,
				000000000000000000000318 /* WordingDailyApp.entitlements */,
			);
			path = WordingDailyApp;
			sourceTree = "<group>";
		};
		000000000000000000000005 /* App */ = {
			isa = PBXGroup;
			children = (
				000000000000000000000300 /* WordingDailyApp.swift */,
			);
			path = App;
			sourceTree = "<group>";
		};
		000000000000000000000050 /* Features */ = {
			isa = PBXGroup;
			children = (
				000000000000000000000051 /* Root */,
				00000000000000000000005A /* Onboarding */,
				000000000000000000000052 /* Today */,
				00000000000000000000005B /* Practice */,
				000000000000000000000053 /* Review */,
				000000000000000000000054 /* Library */,
				000000000000000000000055 /* Settings */,
			);
			path = Features;
			sourceTree = "<group>";
		};
		000000000000000000000051 /* Root */ = {
			isa = PBXGroup;
			children = (
				000000000000000000000301 /* RootTabView.swift */,
				000000000000000000000314 /* RootView.swift */,
			);
			path = Root;
			sourceTree = "<group>";
		};
		00000000000000000000005A /* Onboarding */ = {
			isa = PBXGroup;
			children = (
				000000000000000000000315 /* OnboardingView.swift */,
			);
			path = Onboarding;
			sourceTree = "<group>";
		};
		000000000000000000000052 /* Today */ = {
			isa = PBXGroup;
			children = (
				000000000000000000000302 /* TodayView.swift */,
			);
			path = Today;
			sourceTree = "<group>";
		};
		00000000000000000000005B /* Practice */ = {
			isa = PBXGroup;
			children = (
				00000000000000000000031B /* PracticeView.swift */,
			);
			path = Practice;
			sourceTree = "<group>";
		};
		000000000000000000000053 /* Review */ = {
			isa = PBXGroup;
			children = (
				000000000000000000000303 /* ReviewView.swift */,
			);
			path = Review;
			sourceTree = "<group>";
		};
		000000000000000000000054 /* Library */ = {
			isa = PBXGroup;
			children = (
				000000000000000000000304 /* LibraryView.swift */,
			);
			path = Library;
			sourceTree = "<group>";
		};
		000000000000000000000055 /* Settings */ = {
			isa = PBXGroup;
			children = (
				000000000000000000000305 /* SettingsView.swift */,
			);
			path = Settings;
			sourceTree = "<group>";
		};
		000000000000000000000056 /* Design */ = {
			isa = PBXGroup;
			children = (
				000000000000000000000306 /* Theme.swift */,
			);
			path = Design;
			sourceTree = "<group>";
		};
		000000000000000000000057 /* Resources */ = {
			isa = PBXGroup;
			children = (
				000000000000000000000308 /* Localizable.xcstrings */,
				00000000000000000000030D /* VocabularySeed.json */,
			);
			path = Resources;
			sourceTree = "<group>";
		};
		000000000000000000000058 /* Models */ = {
			isa = PBXGroup;
			children = (
				000000000000000000000309 /* VocabularyModels.swift */,
				00000000000000000000030A /* PersistenceModels.swift */,
			);
			path = Models;
			sourceTree = "<group>";
		};
		000000000000000000000059 /* Services */ = {
			isa = PBXGroup;
			children = (
				00000000000000000000030B /* DayKeyService.swift */,
				00000000000000000000030C /* SeedLoader.swift */,
				00000000000000000000030E /* ProgressPersistenceService.swift */,
				00000000000000000000030F /* DailySelectionService.swift */,
				000000000000000000000310 /* ReviewScheduler.swift */,
				000000000000000000000316 /* ReviewQueueService.swift */,
				000000000000000000000317 /* LibraryService.swift */,
				00000000000000000000031A /* QuizEngine.swift */,
				000000000000000000000311 /* WidgetSnapshotWriter.swift */,
				000000000000000000000312 /* NotificationScheduler.swift */,
				000000000000000000000313 /* UserPreferencesStore.swift */,
			);
			path = Services;
			sourceTree = "<group>";
		};
		000000000000000000000060 /* WordingDailyAppTests */ = {
			isa = PBXGroup;
			children = (
				000000000000000000000320 /* DayKeyServiceTests.swift */,
				000000000000000000000321 /* VocabularySeedValidationTests.swift */,
				000000000000000000000322 /* PersistenceGuardTests.swift */,
				000000000000000000000323 /* DailySelectionServiceTests.swift */,
				000000000000000000000324 /* ReviewSchedulerTests.swift */,
				000000000000000000000325 /* WidgetSnapshotWriterTests.swift */,
				000000000000000000000326 /* NotificationSchedulerTests.swift */,
				000000000000000000000327 /* UserPreferencesStoreTests.swift */,
				000000000000000000000328 /* ReviewQueueServiceTests.swift */,
				000000000000000000000329 /* LibraryServiceTests.swift */,
				00000000000000000000032A /* LocalizationCoverageTests.swift */,
				00000000000000000000032B /* QuizEngineTests.swift */,
			);
			path = WordingDailyAppTests;
			sourceTree = "<group>";
		};
		000000000000000000000061 /* WordingDailyWidget */ = {
			isa = PBXGroup;
			children = (
				000000000000000000000330 /* WordingDailyWidget.swift */,
				000000000000000000000332 /* Info.plist */,
				000000000000000000000331 /* WordingDailyWidget.entitlements */,
			);
			path = WordingDailyWidget;
			sourceTree = "<group>";
		};
/* End PBXGroup section */

/* Begin PBXNativeTarget section */
		000000000000000000000100 /* WordingDailyApp */ = {
			isa = PBXNativeTarget;
			buildConfigurationList = 000000000000000000000212 /* Build configuration list for PBXNativeTarget "WordingDailyApp" */;
			buildPhases = (
				000000000000000000000120 /* Sources */,
				000000000000000000000122 /* Frameworks */,
				000000000000000000000121 /* Resources */,
				000000000000000000000123 /* Embed App Extensions */,
			);
			buildRules = (
			);
			dependencies = (
				000000000000000000000241 /* PBXTargetDependency */,
			);
			name = WordingDailyApp;
			productName = WordingDailyApp;
			productReference = 000000000000000000000110 /* WordingDailyApp.app */;
			productType = "com.apple.product-type.application";
		};
		000000000000000000000102 /* WordingDailyWidget */ = {
			isa = PBXNativeTarget;
			buildConfigurationList = 000000000000000000000252 /* Build configuration list for PBXNativeTarget "WordingDailyWidget" */;
			buildPhases = (
				000000000000000000000140 /* Sources */,
				000000000000000000000142 /* Frameworks */,
				000000000000000000000141 /* Resources */,
			);
			buildRules = (
			);
			dependencies = (
			);
			name = WordingDailyWidget;
			productName = WordingDailyWidget;
			productReference = 000000000000000000000112 /* WordingDailyWidget.appex */;
			productType = "com.apple.product-type.app-extension";
		};
		000000000000000000000101 /* WordingDailyAppTests */ = {
			isa = PBXNativeTarget;
			buildConfigurationList = 000000000000000000000222 /* Build configuration list for PBXNativeTarget "WordingDailyAppTests" */;
			buildPhases = (
				000000000000000000000130 /* Sources */,
				000000000000000000000132 /* Frameworks */,
				000000000000000000000131 /* Resources */,
			);
			buildRules = (
			);
			dependencies = (
				000000000000000000000231 /* PBXTargetDependency */,
			);
			name = WordingDailyAppTests;
			productName = WordingDailyAppTests;
			productReference = 000000000000000000000111 /* WordingDailyAppTests.xctest */;
			productType = "com.apple.product-type.bundle.unit-test";
		};
/* End PBXNativeTarget section */

/* Begin PBXProject section */
		000000000000000000000001 /* Project object */ = {
			isa = PBXProject;
			attributes = {
				BuildIndependentTargetsInParallel = 1;
				LastSwiftUpdateCheck = 2660;
				LastUpgradeCheck = 2660;
				TargetAttributes = {
					000000000000000000000100 = {
						CreatedOnToolsVersion = 26.6;
						SystemCapabilities = {
							com.apple.ApplicationGroups.iOS = {
								enabled = 1;
							};
						};
					};
					000000000000000000000101 = {
						CreatedOnToolsVersion = 26.6;
						TestTargetID = 000000000000000000000100;
					};
					000000000000000000000102 = {
						CreatedOnToolsVersion = 26.6;
						SystemCapabilities = {
							com.apple.ApplicationGroups.iOS = {
								enabled = 1;
							};
						};
					};
				};
			};
			buildConfigurationList = 000000000000000000000202 /* Build configuration list for PBXProject "WordingDailyApp" */;
			compatibilityVersion = "Xcode 16.0";
			developmentRegion = en;
			hasScannedForEncodings = 0;
			knownRegions = (
				en,
				"zh-Hant",
			);
			mainGroup = 000000000000000000000002;
			productRefGroup = 000000000000000000000003 /* Products */;
			projectDirPath = "";
			projectRoot = "";
			targets = (
				000000000000000000000100 /* WordingDailyApp */,
				000000000000000000000101 /* WordingDailyAppTests */,
				000000000000000000000102 /* WordingDailyWidget */,
			);
		};
/* End PBXProject section */

/* Begin PBXResourcesBuildPhase section */
		000000000000000000000121 /* Resources */ = {
			isa = PBXResourcesBuildPhase;
			buildActionMask = 2147483647;
			files = (
				000000000000000000000407 /* Assets.xcassets in Resources */,
				000000000000000000000408 /* Localizable.xcstrings in Resources */,
				00000000000000000000040D /* VocabularySeed.json in Resources */,
			);
			runOnlyForDeploymentPostprocessing = 0;
		};
		000000000000000000000131 /* Resources */ = {
			isa = PBXResourcesBuildPhase;
			buildActionMask = 2147483647;
			files = (
			);
			runOnlyForDeploymentPostprocessing = 0;
		};
		000000000000000000000141 /* Resources */ = {
			isa = PBXResourcesBuildPhase;
			buildActionMask = 2147483647;
			files = (
				000000000000000000000432 /* Localizable.xcstrings in Resources */,
			);
			runOnlyForDeploymentPostprocessing = 0;
		};
/* End PBXResourcesBuildPhase section */

/* Begin PBXSourcesBuildPhase section */
		000000000000000000000120 /* Sources */ = {
			isa = PBXSourcesBuildPhase;
			buildActionMask = 2147483647;
			files = (
				000000000000000000000400 /* WordingDailyApp.swift in Sources */,
				000000000000000000000401 /* RootTabView.swift in Sources */,
				000000000000000000000402 /* TodayView.swift in Sources */,
				000000000000000000000403 /* ReviewView.swift in Sources */,
				000000000000000000000404 /* LibraryView.swift in Sources */,
				000000000000000000000405 /* SettingsView.swift in Sources */,
				000000000000000000000406 /* Theme.swift in Sources */,
				000000000000000000000409 /* VocabularyModels.swift in Sources */,
				00000000000000000000040A /* PersistenceModels.swift in Sources */,
				00000000000000000000040B /* DayKeyService.swift in Sources */,
				00000000000000000000040C /* SeedLoader.swift in Sources */,
				00000000000000000000040E /* ProgressPersistenceService.swift in Sources */,
				00000000000000000000040F /* DailySelectionService.swift in Sources */,
				000000000000000000000410 /* ReviewScheduler.swift in Sources */,
				000000000000000000000411 /* WidgetSnapshotWriter.swift in Sources */,
				000000000000000000000412 /* NotificationScheduler.swift in Sources */,
				000000000000000000000413 /* UserPreferencesStore.swift in Sources */,
				000000000000000000000414 /* RootView.swift in Sources */,
				000000000000000000000415 /* OnboardingView.swift in Sources */,
				000000000000000000000416 /* ReviewQueueService.swift in Sources */,
				000000000000000000000417 /* LibraryService.swift in Sources */,
				000000000000000000000418 /* QuizEngine.swift in Sources */,
				000000000000000000000419 /* PracticeView.swift in Sources */,
			);
			runOnlyForDeploymentPostprocessing = 0;
		};
		000000000000000000000130 /* Sources */ = {
			isa = PBXSourcesBuildPhase;
			buildActionMask = 2147483647;
			files = (
				000000000000000000000420 /* DayKeyServiceTests.swift in Sources */,
				000000000000000000000421 /* VocabularySeedValidationTests.swift in Sources */,
				000000000000000000000422 /* PersistenceGuardTests.swift in Sources */,
				000000000000000000000423 /* DailySelectionServiceTests.swift in Sources */,
				000000000000000000000424 /* ReviewSchedulerTests.swift in Sources */,
				000000000000000000000425 /* WidgetSnapshotWriterTests.swift in Sources */,
				000000000000000000000426 /* NotificationSchedulerTests.swift in Sources */,
				000000000000000000000427 /* UserPreferencesStoreTests.swift in Sources */,
				000000000000000000000428 /* ReviewQueueServiceTests.swift in Sources */,
				000000000000000000000429 /* LibraryServiceTests.swift in Sources */,
				00000000000000000000042A /* LocalizationCoverageTests.swift in Sources */,
				00000000000000000000042B /* QuizEngineTests.swift in Sources */,
			);
			runOnlyForDeploymentPostprocessing = 0;
		};
		000000000000000000000140 /* Sources */ = {
			isa = PBXSourcesBuildPhase;
			buildActionMask = 2147483647;
			files = (
				000000000000000000000430 /* WordingDailyWidget.swift in Sources */,
				000000000000000000000431 /* WidgetSnapshotWriter.swift in Sources */,
			);
			runOnlyForDeploymentPostprocessing = 0;
		};
/* End PBXSourcesBuildPhase section */

/* Begin PBXTargetDependency section */
		000000000000000000000231 /* PBXTargetDependency */ = {
			isa = PBXTargetDependency;
			target = 000000000000000000000100 /* WordingDailyApp */;
			targetProxy = 000000000000000000000230 /* PBXContainerItemProxy */;
		};
		000000000000000000000241 /* PBXTargetDependency */ = {
			isa = PBXTargetDependency;
			target = 000000000000000000000102 /* WordingDailyWidget */;
			targetProxy = 000000000000000000000240 /* PBXContainerItemProxy */;
		};
/* End PBXTargetDependency section */

/* Begin XCBuildConfiguration section */
		000000000000000000000200 /* Debug */ = {
			isa = XCBuildConfiguration;
			buildSettings = {
				ALWAYS_SEARCH_USER_PATHS = NO;
				CLANG_ENABLE_MODULES = YES;
				CLANG_ENABLE_OBJC_ARC = YES;
				CLANG_WARN_BLOCK_CAPTURE_AUTORELEASING = YES;
				CLANG_WARN_BOOL_CONVERSION = YES;
				CLANG_WARN_COMMA = YES;
				CLANG_WARN_CONSTANT_CONVERSION = YES;
				CLANG_WARN_DEPRECATED_OBJC_IMPLEMENTATIONS = YES;
				CLANG_WARN_DIRECT_OBJC_ISA_USAGE = YES_ERROR;
				CLANG_WARN_EMPTY_BODY = YES;
				CLANG_WARN_ENUM_CONVERSION = YES;
				CLANG_WARN_INFINITE_RECURSION = YES;
				CLANG_WARN_INT_CONVERSION = YES;
				CLANG_WARN_NON_LITERAL_NULL_CONVERSION = YES;
				CLANG_WARN_OBJC_IMPLICIT_RETAIN_SELF = YES;
				CLANG_WARN_OBJC_LITERAL_CONVERSION = YES;
				CLANG_WARN_QUOTED_INCLUDE_IN_FRAMEWORK_HEADER = YES;
				CLANG_WARN_RANGE_LOOP_ANALYSIS = YES;
				CLANG_WARN_STRICT_PROTOTYPES = YES;
				CLANG_WARN_SUSPICIOUS_MOVE = YES;
				CLANG_WARN_UNREACHABLE_CODE = YES;
				CLANG_WARN__DUPLICATE_METHOD_MATCH = YES;
				COPY_PHASE_STRIP = NO;
				DEBUG_INFORMATION_FORMAT = dwarf;
				ENABLE_STRICT_OBJC_MSGSEND = YES;
				ENABLE_TESTABILITY = YES;
				GCC_C_LANGUAGE_STANDARD = gnu17;
				GCC_DYNAMIC_NO_PIC = NO;
				GCC_NO_COMMON_BLOCKS = YES;
				GCC_OPTIMIZATION_LEVEL = 0;
				GCC_PREPROCESSOR_DEFINITIONS = (
					"DEBUG=1",
					"$(inherited)",
				);
				GCC_WARN_64_TO_32_BIT_CONVERSION = YES;
				GCC_WARN_ABOUT_RETURN_TYPE = YES_ERROR;
				GCC_WARN_UNDECLARED_SELECTOR = YES;
				GCC_WARN_UNINITIALIZED_AUTOS = YES_AGGRESSIVE;
				GCC_WARN_UNUSED_FUNCTION = YES;
				GCC_WARN_UNUSED_VARIABLE = YES;
				IPHONEOS_DEPLOYMENT_TARGET = 17.0;
				MTL_ENABLE_DEBUG_INFO = INCLUDE_SOURCE;
				MTL_FAST_MATH = YES;
				ONLY_ACTIVE_ARCH = YES;
				SDKROOT = iphoneos;
				SWIFT_ACTIVE_COMPILATION_CONDITIONS = DEBUG;
				SWIFT_EMIT_LOC_STRINGS = YES;
				SWIFT_OPTIMIZATION_LEVEL = "-Onone";
			};
			name = Debug;
		};
		000000000000000000000201 /* Release */ = {
			isa = XCBuildConfiguration;
			buildSettings = {
				ALWAYS_SEARCH_USER_PATHS = NO;
				CLANG_ENABLE_MODULES = YES;
				CLANG_ENABLE_OBJC_ARC = YES;
				CLANG_WARN_BLOCK_CAPTURE_AUTORELEASING = YES;
				CLANG_WARN_BOOL_CONVERSION = YES;
				CLANG_WARN_COMMA = YES;
				CLANG_WARN_CONSTANT_CONVERSION = YES;
				CLANG_WARN_DEPRECATED_OBJC_IMPLEMENTATIONS = YES;
				CLANG_WARN_DIRECT_OBJC_ISA_USAGE = YES_ERROR;
				CLANG_WARN_EMPTY_BODY = YES;
				CLANG_WARN_ENUM_CONVERSION = YES;
				CLANG_WARN_INFINITE_RECURSION = YES;
				CLANG_WARN_INT_CONVERSION = YES;
				CLANG_WARN_NON_LITERAL_NULL_CONVERSION = YES;
				CLANG_WARN_OBJC_IMPLICIT_RETAIN_SELF = YES;
				CLANG_WARN_OBJC_LITERAL_CONVERSION = YES;
				CLANG_WARN_QUOTED_INCLUDE_IN_FRAMEWORK_HEADER = YES;
				CLANG_WARN_RANGE_LOOP_ANALYSIS = YES;
				CLANG_WARN_STRICT_PROTOTYPES = YES;
				CLANG_WARN_SUSPICIOUS_MOVE = YES;
				CLANG_WARN_UNREACHABLE_CODE = YES;
				CLANG_WARN__DUPLICATE_METHOD_MATCH = YES;
				COPY_PHASE_STRIP = NO;
				DEBUG_INFORMATION_FORMAT = "dwarf-with-dsym";
				ENABLE_NS_ASSERTIONS = NO;
				ENABLE_STRICT_OBJC_MSGSEND = YES;
				GCC_C_LANGUAGE_STANDARD = gnu17;
				GCC_NO_COMMON_BLOCKS = YES;
				GCC_WARN_64_TO_32_BIT_CONVERSION = YES;
				GCC_WARN_ABOUT_RETURN_TYPE = YES_ERROR;
				GCC_WARN_UNDECLARED_SELECTOR = YES;
				GCC_WARN_UNINITIALIZED_AUTOS = YES_AGGRESSIVE;
				GCC_WARN_UNUSED_FUNCTION = YES;
				GCC_WARN_UNUSED_VARIABLE = YES;
				IPHONEOS_DEPLOYMENT_TARGET = 17.0;
				MTL_ENABLE_DEBUG_INFO = NO;
				MTL_FAST_MATH = YES;
				SDKROOT = iphoneos;
				SWIFT_COMPILATION_MODE = wholemodule;
				SWIFT_EMIT_LOC_STRINGS = YES;
				VALIDATE_PRODUCT = YES;
			};
			name = Release;
		};
		000000000000000000000210 /* Debug */ = {
			isa = XCBuildConfiguration;
			buildSettings = {
				ASSETCATALOG_COMPILER_GLOBAL_ACCENT_COLOR_NAME = Accent;
				CODE_SIGN_ENTITLEMENTS = WordingDailyApp/WordingDailyApp.entitlements;
				CODE_SIGN_STYLE = Automatic;
				CURRENT_PROJECT_VERSION = 1;
				DEVELOPMENT_TEAM = "";
				ENABLE_PREVIEWS = YES;
				GENERATE_INFOPLIST_FILE = NO;
				INFOPLIST_FILE = WordingDailyApp/Info.plist;
				IPHONEOS_DEPLOYMENT_TARGET = 17.0;
				LD_RUNPATH_SEARCH_PATHS = (
					"$(inherited)",
					"@executable_path/Frameworks",
				);
				MARKETING_VERSION = 1.0;
				PRODUCT_BUNDLE_IDENTIFIER = com.raychiutw.WordingDaily;
				PRODUCT_NAME = "$(TARGET_NAME)";
				SUPPORTED_PLATFORMS = "iphoneos iphonesimulator";
				SUPPORTS_MACCATALYST = NO;
				SUPPORTS_MAC_DESIGNED_FOR_IPHONE_IPAD = NO;
				SWIFT_VERSION = 5.0;
				TARGETED_DEVICE_FAMILY = "1,2";
			};
			name = Debug;
		};
		000000000000000000000211 /* Release */ = {
			isa = XCBuildConfiguration;
			buildSettings = {
				ASSETCATALOG_COMPILER_GLOBAL_ACCENT_COLOR_NAME = Accent;
				CODE_SIGN_ENTITLEMENTS = WordingDailyApp/WordingDailyApp.entitlements;
				CODE_SIGN_STYLE = Automatic;
				CURRENT_PROJECT_VERSION = 1;
				DEVELOPMENT_TEAM = "";
				ENABLE_PREVIEWS = YES;
				GENERATE_INFOPLIST_FILE = NO;
				INFOPLIST_FILE = WordingDailyApp/Info.plist;
				IPHONEOS_DEPLOYMENT_TARGET = 17.0;
				LD_RUNPATH_SEARCH_PATHS = (
					"$(inherited)",
					"@executable_path/Frameworks",
				);
				MARKETING_VERSION = 1.0;
				PRODUCT_BUNDLE_IDENTIFIER = com.raychiutw.WordingDaily;
				PRODUCT_NAME = "$(TARGET_NAME)";
				SUPPORTED_PLATFORMS = "iphoneos iphonesimulator";
				SUPPORTS_MACCATALYST = NO;
				SUPPORTS_MAC_DESIGNED_FOR_IPHONE_IPAD = NO;
				SWIFT_VERSION = 5.0;
				TARGETED_DEVICE_FAMILY = "1,2";
			};
			name = Release;
		};
		000000000000000000000220 /* Debug */ = {
			isa = XCBuildConfiguration;
			buildSettings = {
				BUNDLE_LOADER = "$(TEST_HOST)";
				CODE_SIGN_STYLE = Automatic;
				DEVELOPMENT_TEAM = "";
				GENERATE_INFOPLIST_FILE = YES;
				IPHONEOS_DEPLOYMENT_TARGET = 17.0;
				LD_RUNPATH_SEARCH_PATHS = (
					"$(inherited)",
					"@executable_path/Frameworks",
					"@loader_path/Frameworks",
				);
				PRODUCT_BUNDLE_IDENTIFIER = com.raychiutw.WordingDailyTests;
				PRODUCT_NAME = "$(TARGET_NAME)";
				SUPPORTED_PLATFORMS = "iphoneos iphonesimulator";
				SWIFT_VERSION = 5.0;
				TARGETED_DEVICE_FAMILY = "1,2";
				TEST_HOST = "$(BUILT_PRODUCTS_DIR)/WordingDailyApp.app/$(BUNDLE_EXECUTABLE_FOLDER_PATH)/WordingDailyApp";
			};
			name = Debug;
		};
		000000000000000000000221 /* Release */ = {
			isa = XCBuildConfiguration;
			buildSettings = {
				BUNDLE_LOADER = "$(TEST_HOST)";
				CODE_SIGN_STYLE = Automatic;
				DEVELOPMENT_TEAM = "";
				GENERATE_INFOPLIST_FILE = YES;
				IPHONEOS_DEPLOYMENT_TARGET = 17.0;
				LD_RUNPATH_SEARCH_PATHS = (
					"$(inherited)",
					"@executable_path/Frameworks",
					"@loader_path/Frameworks",
				);
				PRODUCT_BUNDLE_IDENTIFIER = com.raychiutw.WordingDailyTests;
				PRODUCT_NAME = "$(TARGET_NAME)";
				SUPPORTED_PLATFORMS = "iphoneos iphonesimulator";
				SWIFT_VERSION = 5.0;
				TARGETED_DEVICE_FAMILY = "1,2";
				TEST_HOST = "$(BUILT_PRODUCTS_DIR)/WordingDailyApp.app/$(BUNDLE_EXECUTABLE_FOLDER_PATH)/WordingDailyApp";
			};
			name = Release;
		};
		000000000000000000000250 /* Debug */ = {
			isa = XCBuildConfiguration;
			buildSettings = {
				CODE_SIGN_ENTITLEMENTS = WordingDailyWidget/WordingDailyWidget.entitlements;
				CODE_SIGN_STYLE = Automatic;
				CURRENT_PROJECT_VERSION = 1;
				DEVELOPMENT_TEAM = "";
				ENABLE_PREVIEWS = YES;
				GENERATE_INFOPLIST_FILE = NO;
				INFOPLIST_FILE = WordingDailyWidget/Info.plist;
				IPHONEOS_DEPLOYMENT_TARGET = 17.0;
				LD_RUNPATH_SEARCH_PATHS = (
					"$(inherited)",
					"@executable_path/Frameworks",
					"@executable_path/../../Frameworks",
				);
				MARKETING_VERSION = 1.0;
				PRODUCT_BUNDLE_IDENTIFIER = com.raychiutw.WordingDaily.Widget;
				PRODUCT_NAME = "$(TARGET_NAME)";
				SKIP_INSTALL = YES;
				SUPPORTED_PLATFORMS = "iphoneos iphonesimulator";
				SUPPORTS_MACCATALYST = NO;
				SUPPORTS_MAC_DESIGNED_FOR_IPHONE_IPAD = NO;
				SWIFT_VERSION = 5.0;
				TARGETED_DEVICE_FAMILY = "1,2";
			};
			name = Debug;
		};
		000000000000000000000251 /* Release */ = {
			isa = XCBuildConfiguration;
			buildSettings = {
				CODE_SIGN_ENTITLEMENTS = WordingDailyWidget/WordingDailyWidget.entitlements;
				CODE_SIGN_STYLE = Automatic;
				CURRENT_PROJECT_VERSION = 1;
				DEVELOPMENT_TEAM = "";
				ENABLE_PREVIEWS = YES;
				GENERATE_INFOPLIST_FILE = NO;
				INFOPLIST_FILE = WordingDailyWidget/Info.plist;
				IPHONEOS_DEPLOYMENT_TARGET = 17.0;
				LD_RUNPATH_SEARCH_PATHS = (
					"$(inherited)",
					"@executable_path/Frameworks",
					"@executable_path/../../Frameworks",
				);
				MARKETING_VERSION = 1.0;
				PRODUCT_BUNDLE_IDENTIFIER = com.raychiutw.WordingDaily.Widget;
				PRODUCT_NAME = "$(TARGET_NAME)";
				SKIP_INSTALL = YES;
				SUPPORTED_PLATFORMS = "iphoneos iphonesimulator";
				SUPPORTS_MACCATALYST = NO;
				SUPPORTS_MAC_DESIGNED_FOR_IPHONE_IPAD = NO;
				SWIFT_VERSION = 5.0;
				TARGETED_DEVICE_FAMILY = "1,2";
			};
			name = Release;
		};
/* End XCBuildConfiguration section */

/* Begin XCConfigurationList section */
		000000000000000000000202 /* Build configuration list for PBXProject "WordingDailyApp" */ = {
			isa = XCConfigurationList;
			buildConfigurations = (
				000000000000000000000200 /* Debug */,
				000000000000000000000201 /* Release */,
			);
			defaultConfigurationIsVisible = 0;
			defaultConfigurationName = Release;
		};
		000000000000000000000212 /* Build configuration list for PBXNativeTarget "WordingDailyApp" */ = {
			isa = XCConfigurationList;
			buildConfigurations = (
				000000000000000000000210 /* Debug */,
				000000000000000000000211 /* Release */,
			);
			defaultConfigurationIsVisible = 0;
			defaultConfigurationName = Release;
		};
		000000000000000000000222 /* Build configuration list for PBXNativeTarget "WordingDailyAppTests" */ = {
			isa = XCConfigurationList;
			buildConfigurations = (
				000000000000000000000220 /* Debug */,
				000000000000000000000221 /* Release */,
			);
			defaultConfigurationIsVisible = 0;
			defaultConfigurationName = Release;
		};
		000000000000000000000252 /* Build configuration list for PBXNativeTarget "WordingDailyWidget" */ = {
			isa = XCConfigurationList;
			buildConfigurations = (
				000000000000000000000250 /* Debug */,
				000000000000000000000251 /* Release */,
			);
			defaultConfigurationIsVisible = 0;
			defaultConfigurationName = Release;
		};
/* End XCConfigurationList section */
	};
	rootObject = 000000000000000000000001 /* Project object */;
}
